
Microsoft Visual Studio Solution File, Format Version 12.00
# Visual Studio 15
VisualStudioVersion = 15.0.26124.0
MinimumVisualStudioVersion = 15.0.26124.0
Project("{2150E333-8FDC-42A3-9474-1A3956D46DE8}") = "samples", "samples", "{598ABC81-3119-47FF-8AE0-ADF3A4222CC6}"
EndProject
Project("{2150E333-8FDC-42A3-9474-1A3956D46DE8}") = "extras", "extras", "{42F5803F-5ABA-4F3D-A024-7BAD511EED26}"
EndProject
Project("{FAE04EC0-301F-11D3-BF4B-00C04F79EFBC}") = "ErrorFilters", "samples\extras\ErrorFilters\ErrorFilters.csproj", "{EED3A935-8C29-48E9-B144-55DD06F4D0DC}"
EndProject
Project("{2150E333-8FDC-42A3-9474-1A3956D46DE8}") = "InMemory", "InMemory", "{B72B865E-B69C-47F1-AF9D-27D3879F0DA2}"
EndProject
Project("{FAE04EC0-301F-11D3-BF4B-00C04F79EFBC}") = "NetCoreConsoleApp", "samples\InMemory\NetCoreConsoleApp\NetCoreConsoleApp.csproj", "{8313ED71-AC70-4CD0-BE08-4E733F563F0A}"
EndProject
Project("{FAE04EC0-301F-11D3-BF4B-00C04F79EFBC}") = "NetFxWindowsService", "samples\InMemory\NetFxWindowsService\NetFxWindowsService.csproj", "{AA74188C-F64D-45DF-855F-81BF67E6115A}"
EndProject
Project("{2150E333-8FDC-42A3-9474-1A3956D46DE8}") = "RabbitMQ", "RabbitMQ", "{2C123BDD-A47D-4B59-8F63-31087EDAFD42}"
EndProject
Project("{FAE04EC0-301F-11D3-BF4B-00C04F79EFBC}") = "PureSender", "samples\RabbitMQ\PureSender\PureSender.csproj", "{4AE25D6F-42D0-4E88-8FDF-7350D4DBB037}"
EndProject
Project("{FAE04EC0-301F-11D3-BF4B-00C04F79EFBC}") = "ReceiverConfig", "samples\RabbitMQ\ReceiverConfig\ReceiverConfig.csproj", "{F81056AF-E206-4406-ADB2-9D89114FAC41}"
EndProject
Project("{FAE04EC0-301F-11D3-BF4B-00C04F79EFBC}") = "ReceiverSetup", "samples\RabbitMQ\ReceiverSetup\ReceiverSetup.csproj", "{C9FF0CA7-8155-4CE8-A6A1-56CB8F6AD270}"
EndProject
Project("{FAE04EC0-301F-11D3-BF4B-00C04F79EFBC}") = "SenderFeedback", "samples\RabbitMQ\SenderFeedback\SenderFeedback.csproj", "{2BA273F8-EAFB-498F-84B7-0106ACCBB3D8}"
EndProject
Project("{FAE04EC0-301F-11D3-BF4B-00C04F79EFBC}") = "Types", "samples\RabbitMQ\Types\Types.csproj", "{DD9E8A54-E11B-4737-AF64-1F04DCA8EDE8}"
EndProject
Project("{2150E333-8FDC-42A3-9474-1A3956D46DE8}") = "src", "src", "{A99A8CEF-1637-4173-BAF0-79CA5C681F85}"
EndProject
Project("{2150E333-8FDC-42A3-9474-1A3956D46DE8}") = "engines", "engines", "{B73C3ACD-D98F-41DA-9700-21FC4B5D9380}"
EndProject
Project("{FAE04EC0-301F-11D3-BF4B-00C04F79EFBC}") = "Nybus.Engine.AWS", "src\engines\Nybus.Engine.AWS\Nybus.Engine.AWS.csproj", "{8282819A-E5B7-4F4C-88AA-891B1DE5D88D}"
EndProject
Project("{FAE04EC0-301F-11D3-BF4B-00C04F79EFBC}") = "Nybus.Engine.InMemory", "src\engines\Nybus.Engine.InMemory\Nybus.Engine.InMemory.csproj", "{BFED5557-3C38-45DB-9AD1-A4C05906648B}"
EndProject
Project("{FAE04EC0-301F-11D3-BF4B-00C04F79EFBC}") = "Nybus.Engine.RabbitMq", "src\engines\Nybus.Engine.RabbitMq\Nybus.Engine.RabbitMq.csproj", "{55347A48-9871-46F8-B5F2-4E38A655E138}"
EndProject
Project("{2150E333-8FDC-42A3-9474-1A3956D46DE8}") = "extensions", "extensions", "{100A73DE-2A84-4253-9119-8057652CC39C}"
EndProject
Project("{2150E333-8FDC-42A3-9474-1A3956D46DE8}") = "hosting", "hosting", "{74C6340C-8084-4FF6-BFF2-9555CA8DE57F}"
EndProject
Project("{FAE04EC0-301F-11D3-BF4B-00C04F79EFBC}") = "Nybus.Extensions.Hosting.HostedService", "src\extensions\hosting\Nybus.Extensions.HostedService\Nybus.Extensions.Hosting.HostedService.csproj", "{73D5E5F7-8392-4091-8294-DF4576244C2A}"
EndProject
Project("{FAE04EC0-301F-11D3-BF4B-00C04F79EFBC}") = "Nybus.Extensions.Hosting.Lambda", "src\extensions\hosting\Nybus.Extensions.Hosting.Lambda\Nybus.Extensions.Hosting.Lambda.csproj", "{1985DA7F-00A0-485F-9E39-CB63662497CD}"
EndProject
Project("{FAE04EC0-301F-11D3-BF4B-00C04F79EFBC}") = "Nybus.Extensions.Hosting.TopShelf", "src\extensions\hosting\Nybus.Extensions.TopShelf\Nybus.Extensions.Hosting.TopShelf.csproj", "{C6597DC2-954D-4193-9279-044321405552}"
EndProject
Project("{2150E333-8FDC-42A3-9474-1A3956D46DE8}") = "serialization", "serialization", "{4DA70EE9-152A-45F5-B415-578AA8400BCF}"
EndProject
Project("{FAE04EC0-301F-11D3-BF4B-00C04F79EFBC}") = "Nybus.Extensions.Serialization.Newtonsoft", "src\extensions\serialization\Nybus.Extensions.Serialization.Newtonsoft\Nybus.Extensions.Serialization.Newtonsoft.csproj", "{5069A663-6452-444D-8947-E330DCAC8025}"
EndProject
Project("{FAE04EC0-301F-11D3-BF4B-00C04F79EFBC}") = "Nybus", "src\Nybus\Nybus.csproj", "{9B569F56-3993-487B-9FF6-9A5FA3307C16}"
EndProject
Project("{FAE04EC0-301F-11D3-BF4B-00C04F79EFBC}") = "Nybus.Abstractions", "src\Nybus.Abstractions\Nybus.Abstractions.csproj", "{D8200301-D2A3-40D5-BED5-4FE67B947729}"
EndProject
Project("{2150E333-8FDC-42A3-9474-1A3956D46DE8}") = "tests", "tests", "{E7CD90FE-A366-4BBB-9ADE-448FB2B4F983}"
EndProject
Project("{2150E333-8FDC-42A3-9474-1A3956D46DE8}") = "integration", "integration", "{7A0BDC85-0A02-4064-AA39-6E1F8045C508}"
EndProject
Project("{FAE04EC0-301F-11D3-BF4B-00C04F79EFBC}") = "Tests.Integration.Nybus.Engine.InMemory", "tests\integration\Tests.Integration.Nybus.Engine.InMemory\Tests.Integration.Nybus.Engine.InMemory.csproj", "{D5296296-8DBB-4F49-AC59-AFE577EA2619}"
EndProject
Project("{FAE04EC0-301F-11D3-BF4B-00C04F79EFBC}") = "Tests.Integration.Nybus.Engine.RabbitMq", "tests\integration\Tests.Integration.Nybus.Engine.RabbitMq\Tests.Integration.Nybus.Engine.RabbitMq.csproj", "{152FC2AA-DA02-472B-8010-0053390DEB1A}"
EndProject
Project("{FAE04EC0-301F-11D3-BF4B-00C04F79EFBC}") = "Tests.Nybus", "tests\Tests.Nybus\Tests.Nybus.csproj", "{AEAA3D81-3EAC-44AD-AC14-D51307B4CE93}"
EndProject
Project("{FAE04EC0-301F-11D3-BF4B-00C04F79EFBC}") = "Tests.Nybus.Abstractions", "tests\Tests.Nybus.Abstractions\Tests.Nybus.Abstractions.csproj", "{FCBD3FAB-4EEE-4448-9CB2-1EEB51AC9B3F}"
EndProject
Project("{FAE04EC0-301F-11D3-BF4B-00C04F79EFBC}") = "Tests.Nybus.Engine.InMemory", "tests\Tests.Nybus.Engine.InMemory\Tests.Nybus.Engine.InMemory.csproj", "{14921A2B-7B08-46D7-941D-FD6509A7CF32}"
EndProject
Project("{FAE04EC0-301F-11D3-BF4B-00C04F79EFBC}") = "Tests.Nybus.Engine.RabbitMq", "tests\Tests.Nybus.Engine.RabbitMq\Tests.Nybus.Engine.RabbitMq.csproj", "{F927B436-E4CF-4065-AB2A-5CBB41216BAF}"
EndProject
Project("{FAE04EC0-301F-11D3-BF4B-00C04F79EFBC}") = "Tests.Nybus.Extensions.Hosting.HostedService", "tests\Tests.Nybus.Extensions.Hosting.HostedService\Tests.Nybus.Extensions.Hosting.HostedService.csproj", "{90BCC0D4-AD4B-420C-948C-A9593B8F66C4}"
EndProject
Project("{FAE04EC0-301F-11D3-BF4B-00C04F79EFBC}") = "Tests.Nybus.Extensions.Hosting.Lambda", "tests\Tests.Nybus.Extensions.Hosting.Lambda\Tests.Nybus.Extensions.Hosting.Lambda.csproj", "{EF18309F-CCCD-4186-AF70-949EEA3152ED}"
EndProject
Project("{FAE04EC0-301F-11D3-BF4B-00C04F79EFBC}") = "Tests.Nybus.Extensions.Hosting.TopShelf", "tests\Tests.Nybus.Extensions.Hosting.TopShelf\Tests.Nybus.Extensions.Hosting.TopShelf.csproj", "{8DACEAD8-C0A2-4391-88DE-1893DC02C9FE}"
EndProject
Project("{FAE04EC0-301F-11D3-BF4B-00C04F79EFBC}") = "TestUtils", "tests\TestUtils\TestUtils.csproj", "{C36F9F5A-5445-4557-9439-E6B2FCFB1257}"
EndProject
Global
	GlobalSection(SolutionConfigurationPlatforms) = preSolution
		Debug|Any CPU = Debug|Any CPU
		Debug|x64 = Debug|x64
		Debug|x86 = Debug|x86
		Release|Any CPU = Release|Any CPU
		Release|x64 = Release|x64
		Release|x86 = Release|x86
	EndGlobalSection
	GlobalSection(SolutionProperties) = preSolution
		HideSolutionNode = FALSE
	EndGlobalSection
	GlobalSection(ProjectConfigurationPlatforms) = postSolution
		{EED3A935-8C29-48E9-B144-55DD06F4D0DC}.Debug|Any CPU.ActiveCfg = Debug|Any CPU
		{EED3A935-8C29-48E9-B144-55DD06F4D0DC}.Debug|Any CPU.Build.0 = Debug|Any CPU
		{EED3A935-8C29-48E9-B144-55DD06F4D0DC}.Debug|x64.ActiveCfg = Debug|Any CPU
		{EED3A935-8C29-48E9-B144-55DD06F4D0DC}.Debug|x64.Build.0 = Debug|Any CPU
		{EED3A935-8C29-48E9-B144-55DD06F4D0DC}.Debug|x86.ActiveCfg = Debug|Any CPU
		{EED3A935-8C29-48E9-B144-55DD06F4D0DC}.Debug|x86.Build.0 = Debug|Any CPU
		{EED3A935-8C29-48E9-B144-55DD06F4D0DC}.Release|Any CPU.ActiveCfg = Release|Any CPU
		{EED3A935-8C29-48E9-B144-55DD06F4D0DC}.Release|Any CPU.Build.0 = Release|Any CPU
		{EED3A935-8C29-48E9-B144-55DD06F4D0DC}.Release|x64.ActiveCfg = Release|Any CPU
		{EED3A935-8C29-48E9-B144-55DD06F4D0DC}.Release|x64.Build.0 = Release|Any CPU
		{EED3A935-8C29-48E9-B144-55DD06F4D0DC}.Release|x86.ActiveCfg = Release|Any CPU
		{EED3A935-8C29-48E9-B144-55DD06F4D0DC}.Release|x86.Build.0 = Release|Any CPU
		{8313ED71-AC70-4CD0-BE08-4E733F563F0A}.Debug|Any CPU.ActiveCfg = Debug|Any CPU
		{8313ED71-AC70-4CD0-BE08-4E733F563F0A}.Debug|Any CPU.Build.0 = Debug|Any CPU
		{8313ED71-AC70-4CD0-BE08-4E733F563F0A}.Debug|x64.ActiveCfg = Debug|Any CPU
		{8313ED71-AC70-4CD0-BE08-4E733F563F0A}.Debug|x64.Build.0 = Debug|Any CPU
		{8313ED71-AC70-4CD0-BE08-4E733F563F0A}.Debug|x86.ActiveCfg = Debug|Any CPU
		{8313ED71-AC70-4CD0-BE08-4E733F563F0A}.Debug|x86.Build.0 = Debug|Any CPU
		{8313ED71-AC70-4CD0-BE08-4E733F563F0A}.Release|Any CPU.ActiveCfg = Release|Any CPU
		{8313ED71-AC70-4CD0-BE08-4E733F563F0A}.Release|Any CPU.Build.0 = Release|Any CPU
		{8313ED71-AC70-4CD0-BE08-4E733F563F0A}.Release|x64.ActiveCfg = Release|Any CPU
		{8313ED71-AC70-4CD0-BE08-4E733F563F0A}.Release|x64.Build.0 = Release|Any CPU
		{8313ED71-AC70-4CD0-BE08-4E733F563F0A}.Release|x86.ActiveCfg = Release|Any CPU
		{8313ED71-AC70-4CD0-BE08-4E733F563F0A}.Release|x86.Build.0 = Release|Any CPU
		{AA74188C-F64D-45DF-855F-81BF67E6115A}.Debug|Any CPU.ActiveCfg = Debug|Any CPU
		{AA74188C-F64D-45DF-855F-81BF67E6115A}.Debug|Any CPU.Build.0 = Debug|Any CPU
		{AA74188C-F64D-45DF-855F-81BF67E6115A}.Debug|x64.ActiveCfg = Debug|Any CPU
		{AA74188C-F64D-45DF-855F-81BF67E6115A}.Debug|x64.Build.0 = Debug|Any CPU
		{AA74188C-F64D-45DF-855F-81BF67E6115A}.Debug|x86.ActiveCfg = Debug|Any CPU
		{AA74188C-F64D-45DF-855F-81BF67E6115A}.Debug|x86.Build.0 = Debug|Any CPU
		{AA74188C-F64D-45DF-855F-81BF67E6115A}.Release|Any CPU.ActiveCfg = Release|Any CPU
		{AA74188C-F64D-45DF-855F-81BF67E6115A}.Release|Any CPU.Build.0 = Release|Any CPU
		{AA74188C-F64D-45DF-855F-81BF67E6115A}.Release|x64.ActiveCfg = Release|Any CPU
		{AA74188C-F64D-45DF-855F-81BF67E6115A}.Release|x64.Build.0 = Release|Any CPU
		{AA74188C-F64D-45DF-855F-81BF67E6115A}.Release|x86.ActiveCfg = Release|Any CPU
		{AA74188C-F64D-45DF-855F-81BF67E6115A}.Release|x86.Build.0 = Release|Any CPU
		{4AE25D6F-42D0-4E88-8FDF-7350D4DBB037}.Debug|Any CPU.ActiveCfg = Debug|Any CPU
		{4AE25D6F-42D0-4E88-8FDF-7350D4DBB037}.Debug|Any CPU.Build.0 = Debug|Any CPU
		{4AE25D6F-42D0-4E88-8FDF-7350D4DBB037}.Debug|x64.ActiveCfg = Debug|Any CPU
		{4AE25D6F-42D0-4E88-8FDF-7350D4DBB037}.Debug|x64.Build.0 = Debug|Any CPU
		{4AE25D6F-42D0-4E88-8FDF-7350D4DBB037}.Debug|x86.ActiveCfg = Debug|Any CPU
		{4AE25D6F-42D0-4E88-8FDF-7350D4DBB037}.Debug|x86.Build.0 = Debug|Any CPU
		{4AE25D6F-42D0-4E88-8FDF-7350D4DBB037}.Release|Any CPU.ActiveCfg = Release|Any CPU
		{4AE25D6F-42D0-4E88-8FDF-7350D4DBB037}.Release|Any CPU.Build.0 = Release|Any CPU
		{4AE25D6F-42D0-4E88-8FDF-7350D4DBB037}.Release|x64.ActiveCfg = Release|Any CPU
		{4AE25D6F-42D0-4E88-8FDF-7350D4DBB037}.Release|x64.Build.0 = Release|Any CPU
		{4AE25D6F-42D0-4E88-8FDF-7350D4DBB037}.Release|x86.ActiveCfg = Release|Any CPU
		{4AE25D6F-42D0-4E88-8FDF-7350D4DBB037}.Release|x86.Build.0 = Release|Any CPU
		{F81056AF-E206-4406-ADB2-9D89114FAC41}.Debug|Any CPU.ActiveCfg = Debug|Any CPU
		{F81056AF-E206-4406-ADB2-9D89114FAC41}.Debug|Any CPU.Build.0 = Debug|Any CPU
		{F81056AF-E206-4406-ADB2-9D89114FAC41}.Debug|x64.ActiveCfg = Debug|Any CPU
		{F81056AF-E206-4406-ADB2-9D89114FAC41}.Debug|x64.Build.0 = Debug|Any CPU
		{F81056AF-E206-4406-ADB2-9D89114FAC41}.Debug|x86.ActiveCfg = Debug|Any CPU
		{F81056AF-E206-4406-ADB2-9D89114FAC41}.Debug|x86.Build.0 = Debug|Any CPU
		{F81056AF-E206-4406-ADB2-9D89114FAC41}.Release|Any CPU.ActiveCfg = Release|Any CPU
		{F81056AF-E206-4406-ADB2-9D89114FAC41}.Release|Any CPU.Build.0 = Release|Any CPU
		{F81056AF-E206-4406-ADB2-9D89114FAC41}.Release|x64.ActiveCfg = Release|Any CPU
		{F81056AF-E206-4406-ADB2-9D89114FAC41}.Release|x64.Build.0 = Release|Any CPU
		{F81056AF-E206-4406-ADB2-9D89114FAC41}.Release|x86.ActiveCfg = Release|Any CPU
		{F81056AF-E206-4406-ADB2-9D89114FAC41}.Release|x86.Build.0 = Release|Any CPU
		{C9FF0CA7-8155-4CE8-A6A1-56CB8F6AD270}.Debug|Any CPU.ActiveCfg = Debug|Any CPU
		{C9FF0CA7-8155-4CE8-A6A1-56CB8F6AD270}.Debug|Any CPU.Build.0 = Debug|Any CPU
		{C9FF0CA7-8155-4CE8-A6A1-56CB8F6AD270}.Debug|x64.ActiveCfg = Debug|Any CPU
		{C9FF0CA7-8155-4CE8-A6A1-56CB8F6AD270}.Debug|x64.Build.0 = Debug|Any CPU
		{C9FF0CA7-8155-4CE8-A6A1-56CB8F6AD270}.Debug|x86.ActiveCfg = Debug|Any CPU
		{C9FF0CA7-8155-4CE8-A6A1-56CB8F6AD270}.Debug|x86.Build.0 = Debug|Any CPU
		{C9FF0CA7-8155-4CE8-A6A1-56CB8F6AD270}.Release|Any CPU.ActiveCfg = Release|Any CPU
		{C9FF0CA7-8155-4CE8-A6A1-56CB8F6AD270}.Release|Any CPU.Build.0 = Release|Any CPU
		{C9FF0CA7-8155-4CE8-A6A1-56CB8F6AD270}.Release|x64.ActiveCfg = Release|Any CPU
		{C9FF0CA7-8155-4CE8-A6A1-56CB8F6AD270}.Release|x64.Build.0 = Release|Any CPU
		{C9FF0CA7-8155-4CE8-A6A1-56CB8F6AD270}.Release|x86.ActiveCfg = Release|Any CPU
		{C9FF0CA7-8155-4CE8-A6A1-56CB8F6AD270}.Release|x86.Build.0 = Release|Any CPU
		{2BA273F8-EAFB-498F-84B7-0106ACCBB3D8}.Debug|Any CPU.ActiveCfg = Debug|Any CPU
		{2BA273F8-EAFB-498F-84B7-0106ACCBB3D8}.Debug|Any CPU.Build.0 = Debug|Any CPU
		{2BA273F8-EAFB-498F-84B7-0106ACCBB3D8}.Debug|x64.ActiveCfg = Debug|Any CPU
		{2BA273F8-EAFB-498F-84B7-0106ACCBB3D8}.Debug|x64.Build.0 = Debug|Any CPU
		{2BA273F8-EAFB-498F-84B7-0106ACCBB3D8}.Debug|x86.ActiveCfg = Debug|Any CPU
		{2BA273F8-EAFB-498F-84B7-0106ACCBB3D8}.Debug|x86.Build.0 = Debug|Any CPU
		{2BA273F8-EAFB-498F-84B7-0106ACCBB3D8}.Release|Any CPU.ActiveCfg = Release|Any CPU
		{2BA273F8-EAFB-498F-84B7-0106ACCBB3D8}.Release|Any CPU.Build.0 = Release|Any CPU
		{2BA273F8-EAFB-498F-84B7-0106ACCBB3D8}.Release|x64.ActiveCfg = Release|Any CPU
		{2BA273F8-EAFB-498F-84B7-0106ACCBB3D8}.Release|x64.Build.0 = Release|Any CPU
		{2BA273F8-EAFB-498F-84B7-0106ACCBB3D8}.Release|x86.ActiveCfg = Release|Any CPU
		{2BA273F8-EAFB-498F-84B7-0106ACCBB3D8}.Release|x86.Build.0 = Release|Any CPU
		{DD9E8A54-E11B-4737-AF64-1F04DCA8EDE8}.Debug|Any CPU.ActiveCfg = Debug|Any CPU
		{DD9E8A54-E11B-4737-AF64-1F04DCA8EDE8}.Debug|Any CPU.Build.0 = Debug|Any CPU
		{DD9E8A54-E11B-4737-AF64-1F04DCA8EDE8}.Debug|x64.ActiveCfg = Debug|Any CPU
		{DD9E8A54-E11B-4737-AF64-1F04DCA8EDE8}.Debug|x64.Build.0 = Debug|Any CPU
		{DD9E8A54-E11B-4737-AF64-1F04DCA8EDE8}.Debug|x86.ActiveCfg = Debug|Any CPU
		{DD9E8A54-E11B-4737-AF64-1F04DCA8EDE8}.Debug|x86.Build.0 = Debug|Any CPU
		{DD9E8A54-E11B-4737-AF64-1F04DCA8EDE8}.Release|Any CPU.ActiveCfg = Release|Any CPU
		{DD9E8A54-E11B-4737-AF64-1F04DCA8EDE8}.Release|Any CPU.Build.0 = Release|Any CPU
		{DD9E8A54-E11B-4737-AF64-1F04DCA8EDE8}.Release|x64.ActiveCfg = Release|Any CPU
		{DD9E8A54-E11B-4737-AF64-1F04DCA8EDE8}.Release|x64.Build.0 = Release|Any CPU
		{DD9E8A54-E11B-4737-AF64-1F04DCA8EDE8}.Release|x86.ActiveCfg = Release|Any CPU
		{DD9E8A54-E11B-4737-AF64-1F04DCA8EDE8}.Release|x86.Build.0 = Release|Any CPU
		{8282819A-E5B7-4F4C-88AA-891B1DE5D88D}.Debug|Any CPU.ActiveCfg = Debug|Any CPU
		{8282819A-E5B7-4F4C-88AA-891B1DE5D88D}.Debug|Any CPU.Build.0 = Debug|Any CPU
		{8282819A-E5B7-4F4C-88AA-891B1DE5D88D}.Debug|x64.ActiveCfg = Debug|Any CPU
		{8282819A-E5B7-4F4C-88AA-891B1DE5D88D}.Debug|x64.Build.0 = Debug|Any CPU
		{8282819A-E5B7-4F4C-88AA-891B1DE5D88D}.Debug|x86.ActiveCfg = Debug|Any CPU
		{8282819A-E5B7-4F4C-88AA-891B1DE5D88D}.Debug|x86.Build.0 = Debug|Any CPU
		{8282819A-E5B7-4F4C-88AA-891B1DE5D88D}.Release|Any CPU.ActiveCfg = Release|Any CPU
		{8282819A-E5B7-4F4C-88AA-891B1DE5D88D}.Release|Any CPU.Build.0 = Release|Any CPU
		{8282819A-E5B7-4F4C-88AA-891B1DE5D88D}.Release|x64.ActiveCfg = Release|Any CPU
		{8282819A-E5B7-4F4C-88AA-891B1DE5D88D}.Release|x64.Build.0 = Release|Any CPU
		{8282819A-E5B7-4F4C-88AA-891B1DE5D88D}.Release|x86.ActiveCfg = Release|Any CPU
		{8282819A-E5B7-4F4C-88AA-891B1DE5D88D}.Release|x86.Build.0 = Release|Any CPU
		{BFED5557-3C38-45DB-9AD1-A4C05906648B}.Debug|Any CPU.ActiveCfg = Debug|Any CPU
		{BFED5557-3C38-45DB-9AD1-A4C05906648B}.Debug|Any CPU.Build.0 = Debug|Any CPU
		{BFED5557-3C38-45DB-9AD1-A4C05906648B}.Debug|x64.ActiveCfg = Debug|Any CPU
		{BFED5557-3C38-45DB-9AD1-A4C05906648B}.Debug|x64.Build.0 = Debug|Any CPU
		{BFED5557-3C38-45DB-9AD1-A4C05906648B}.Debug|x86.ActiveCfg = Debug|Any CPU
		{BFED5557-3C38-45DB-9AD1-A4C05906648B}.Debug|x86.Build.0 = Debug|Any CPU
		{BFED5557-3C38-45DB-9AD1-A4C05906648B}.Release|Any CPU.ActiveCfg = Release|Any CPU
		{BFED5557-3C38-45DB-9AD1-A4C05906648B}.Release|Any CPU.Build.0 = Release|Any CPU
		{BFED5557-3C38-45DB-9AD1-A4C05906648B}.Release|x64.ActiveCfg = Release|Any CPU
		{BFED5557-3C38-45DB-9AD1-A4C05906648B}.Release|x64.Build.0 = Release|Any CPU
		{BFED5557-3C38-45DB-9AD1-A4C05906648B}.Release|x86.ActiveCfg = Release|Any CPU
		{BFED5557-3C38-45DB-9AD1-A4C05906648B}.Release|x86.Build.0 = Release|Any CPU
		{55347A48-9871-46F8-B5F2-4E38A655E138}.Debug|Any CPU.ActiveCfg = Debug|Any CPU
		{55347A48-9871-46F8-B5F2-4E38A655E138}.Debug|Any CPU.Build.0 = Debug|Any CPU
		{55347A48-9871-46F8-B5F2-4E38A655E138}.Debug|x64.ActiveCfg = Debug|Any CPU
		{55347A48-9871-46F8-B5F2-4E38A655E138}.Debug|x64.Build.0 = Debug|Any CPU
		{55347A48-9871-46F8-B5F2-4E38A655E138}.Debug|x86.ActiveCfg = Debug|Any CPU
		{55347A48-9871-46F8-B5F2-4E38A655E138}.Debug|x86.Build.0 = Debug|Any CPU
		{55347A48-9871-46F8-B5F2-4E38A655E138}.Release|Any CPU.ActiveCfg = Release|Any CPU
		{55347A48-9871-46F8-B5F2-4E38A655E138}.Release|Any CPU.Build.0 = Release|Any CPU
		{55347A48-9871-46F8-B5F2-4E38A655E138}.Release|x64.ActiveCfg = Release|Any CPU
		{55347A48-9871-46F8-B5F2-4E38A655E138}.Release|x64.Build.0 = Release|Any CPU
		{55347A48-9871-46F8-B5F2-4E38A655E138}.Release|x86.ActiveCfg = Release|Any CPU
		{55347A48-9871-46F8-B5F2-4E38A655E138}.Release|x86.Build.0 = Release|Any CPU
		{73D5E5F7-8392-4091-8294-DF4576244C2A}.Debug|Any CPU.ActiveCfg = Debug|Any CPU
		{73D5E5F7-8392-4091-8294-DF4576244C2A}.Debug|Any CPU.Build.0 = Debug|Any CPU
		{73D5E5F7-8392-4091-8294-DF4576244C2A}.Debug|x64.ActiveCfg = Debug|Any CPU
		{73D5E5F7-8392-4091-8294-DF4576244C2A}.Debug|x64.Build.0 = Debug|Any CPU
		{73D5E5F7-8392-4091-8294-DF4576244C2A}.Debug|x86.ActiveCfg = Debug|Any CPU
		{73D5E5F7-8392-4091-8294-DF4576244C2A}.Debug|x86.Build.0 = Debug|Any CPU
		{73D5E5F7-8392-4091-8294-DF4576244C2A}.Release|Any CPU.ActiveCfg = Release|Any CPU
		{73D5E5F7-8392-4091-8294-DF4576244C2A}.Release|Any CPU.Build.0 = Release|Any CPU
		{73D5E5F7-8392-4091-8294-DF4576244C2A}.Release|x64.ActiveCfg = Release|Any CPU
		{73D5E5F7-8392-4091-8294-DF4576244C2A}.Release|x64.Build.0 = Release|Any CPU
		{73D5E5F7-8392-4091-8294-DF4576244C2A}.Release|x86.ActiveCfg = Release|Any CPU
		{73D5E5F7-8392-4091-8294-DF4576244C2A}.Release|x86.Build.0 = Release|Any CPU
		{1985DA7F-00A0-485F-9E39-CB63662497CD}.Debug|Any CPU.ActiveCfg = Debug|Any CPU
		{1985DA7F-00A0-485F-9E39-CB63662497CD}.Debug|Any CPU.Build.0 = Debug|Any CPU
		{1985DA7F-00A0-485F-9E39-CB63662497CD}.Debug|x64.ActiveCfg = Debug|Any CPU
		{1985DA7F-00A0-485F-9E39-CB63662497CD}.Debug|x64.Build.0 = Debug|Any CPU
		{1985DA7F-00A0-485F-9E39-CB63662497CD}.Debug|x86.ActiveCfg = Debug|Any CPU
		{1985DA7F-00A0-485F-9E39-CB63662497CD}.Debug|x86.Build.0 = Debug|Any CPU
		{1985DA7F-00A0-485F-9E39-CB63662497CD}.Release|Any CPU.ActiveCfg = Release|Any CPU
		{1985DA7F-00A0-485F-9E39-CB63662497CD}.Release|Any CPU.Build.0 = Release|Any CPU
		{1985DA7F-00A0-485F-9E39-CB63662497CD}.Release|x64.ActiveCfg = Release|Any CPU
		{1985DA7F-00A0-485F-9E39-CB63662497CD}.Release|x64.Build.0 = Release|Any CPU
		{1985DA7F-00A0-485F-9E39-CB63662497CD}.Release|x86.ActiveCfg = Release|Any CPU
		{1985DA7F-00A0-485F-9E39-CB63662497CD}.Release|x86.Build.0 = Release|Any CPU
		{C6597DC2-954D-4193-9279-044321405552}.Debug|Any CPU.ActiveCfg = Debug|Any CPU
		{C6597DC2-954D-4193-9279-044321405552}.Debug|Any CPU.Build.0 = Debug|Any CPU
		{C6597DC2-954D-4193-9279-044321405552}.Debug|x64.ActiveCfg = Debug|Any CPU
		{C6597DC2-954D-4193-9279-044321405552}.Debug|x64.Build.0 = Debug|Any CPU
		{C6597DC2-954D-4193-9279-044321405552}.Debug|x86.ActiveCfg = Debug|Any CPU
		{C6597DC2-954D-4193-9279-044321405552}.Debug|x86.Build.0 = Debug|Any CPU
		{C6597DC2-954D-4193-9279-044321405552}.Release|Any CPU.ActiveCfg = Release|Any CPU
		{C6597DC2-954D-4193-9279-044321405552}.Release|Any CPU.Build.0 = Release|Any CPU
		{C6597DC2-954D-4193-9279-044321405552}.Release|x64.ActiveCfg = Release|Any CPU
		{C6597DC2-954D-4193-9279-044321405552}.Release|x64.Build.0 = Release|Any CPU
		{C6597DC2-954D-4193-9279-044321405552}.Release|x86.ActiveCfg = Release|Any CPU
		{C6597DC2-954D-4193-9279-044321405552}.Release|x86.Build.0 = Release|Any CPU
		{5069A663-6452-444D-8947-E330DCAC8025}.Debug|Any CPU.ActiveCfg = Debug|Any CPU
		{5069A663-6452-444D-8947-E330DCAC8025}.Debug|Any CPU.Build.0 = Debug|Any CPU
		{5069A663-6452-444D-8947-E330DCAC8025}.Debug|x64.ActiveCfg = Debug|Any CPU
		{5069A663-6452-444D-8947-E330DCAC8025}.Debug|x64.Build.0 = Debug|Any CPU
		{5069A663-6452-444D-8947-E330DCAC8025}.Debug|x86.ActiveCfg = Debug|Any CPU
		{5069A663-6452-444D-8947-E330DCAC8025}.Debug|x86.Build.0 = Debug|Any CPU
		{5069A663-6452-444D-8947-E330DCAC8025}.Release|Any CPU.ActiveCfg = Release|Any CPU
		{5069A663-6452-444D-8947-E330DCAC8025}.Release|Any CPU.Build.0 = Release|Any CPU
		{5069A663-6452-444D-8947-E330DCAC8025}.Release|x64.ActiveCfg = Release|Any CPU
		{5069A663-6452-444D-8947-E330DCAC8025}.Release|x64.Build.0 = Release|Any CPU
		{5069A663-6452-444D-8947-E330DCAC8025}.Release|x86.ActiveCfg = Release|Any CPU
		{5069A663-6452-444D-8947-E330DCAC8025}.Release|x86.Build.0 = Release|Any CPU
		{9B569F56-3993-487B-9FF6-9A5FA3307C16}.Debug|Any CPU.ActiveCfg = Debug|Any CPU
		{9B569F56-3993-487B-9FF6-9A5FA3307C16}.Debug|Any CPU.Build.0 = Debug|Any CPU
		{9B569F56-3993-487B-9FF6-9A5FA3307C16}.Debug|x64.ActiveCfg = Debug|Any CPU
		{9B569F56-3993-487B-9FF6-9A5FA3307C16}.Debug|x64.Build.0 = Debug|Any CPU
		{9B569F56-3993-487B-9FF6-9A5FA3307C16}.Debug|x86.ActiveCfg = Debug|Any CPU
		{9B569F56-3993-487B-9FF6-9A5FA3307C16}.Debug|x86.Build.0 = Debug|Any CPU
		{9B569F56-3993-487B-9FF6-9A5FA3307C16}.Release|Any CPU.ActiveCfg = Release|Any CPU
		{9B569F56-3993-487B-9FF6-9A5FA3307C16}.Release|Any CPU.Build.0 = Release|Any CPU
		{9B569F56-3993-487B-9FF6-9A5FA3307C16}.Release|x64.ActiveCfg = Release|Any CPU
		{9B569F56-3993-487B-9FF6-9A5FA3307C16}.Release|x64.Build.0 = Release|Any CPU
		{9B569F56-3993-487B-9FF6-9A5FA3307C16}.Release|x86.ActiveCfg = Release|Any CPU
		{9B569F56-3993-487B-9FF6-9A5FA3307C16}.Release|x86.Build.0 = Release|Any CPU
		{D8200301-D2A3-40D5-BED5-4FE67B947729}.Debug|Any CPU.ActiveCfg = Debug|Any CPU
		{D8200301-D2A3-40D5-BED5-4FE67B947729}.Debug|Any CPU.Build.0 = Debug|Any CPU
		{D8200301-D2A3-40D5-BED5-4FE67B947729}.Debug|x64.ActiveCfg = Debug|Any CPU
		{D8200301-D2A3-40D5-BED5-4FE67B947729}.Debug|x64.Build.0 = Debug|Any CPU
		{D8200301-D2A3-40D5-BED5-4FE67B947729}.Debug|x86.ActiveCfg = Debug|Any CPU
		{D8200301-D2A3-40D5-BED5-4FE67B947729}.Debug|x86.Build.0 = Debug|Any CPU
		{D8200301-D2A3-40D5-BED5-4FE67B947729}.Release|Any CPU.ActiveCfg = Release|Any CPU
		{D8200301-D2A3-40D5-BED5-4FE67B947729}.Release|Any CPU.Build.0 = Release|Any CPU
		{D8200301-D2A3-40D5-BED5-4FE67B947729}.Release|x64.ActiveCfg = Release|Any CPU
		{D8200301-D2A3-40D5-BED5-4FE67B947729}.Release|x64.Build.0 = Release|Any CPU
		{D8200301-D2A3-40D5-BED5-4FE67B947729}.Release|x86.ActiveCfg = Release|Any CPU
		{D8200301-D2A3-40D5-BED5-4FE67B947729}.Release|x86.Build.0 = Release|Any CPU
		{D5296296-8DBB-4F49-AC59-AFE577EA2619}.Debug|Any CPU.ActiveCfg = Debug|Any CPU
		{D5296296-8DBB-4F49-AC59-AFE577EA2619}.Debug|Any CPU.Build.0 = Debug|Any CPU
		{D5296296-8DBB-4F49-AC59-AFE577EA2619}.Debug|x64.ActiveCfg = Debug|Any CPU
		{D5296296-8DBB-4F49-AC59-AFE577EA2619}.Debug|x64.Build.0 = Debug|Any CPU
		{D5296296-8DBB-4F49-AC59-AFE577EA2619}.Debug|x86.ActiveCfg = Debug|Any CPU
		{D5296296-8DBB-4F49-AC59-AFE577EA2619}.Debug|x86.Build.0 = Debug|Any CPU
		{D5296296-8DBB-4F49-AC59-AFE577EA2619}.Release|Any CPU.ActiveCfg = Release|Any CPU
		{D5296296-8DBB-4F49-AC59-AFE577EA2619}.Release|Any CPU.Build.0 = Release|Any CPU
		{D5296296-8DBB-4F49-AC59-AFE577EA2619}.Release|x64.ActiveCfg = Release|Any CPU
		{D5296296-8DBB-4F49-AC59-AFE577EA2619}.Release|x64.Build.0 = Release|Any CPU
		{D5296296-8DBB-4F49-AC59-AFE577EA2619}.Release|x86.ActiveCfg = Release|Any CPU
		{D5296296-8DBB-4F49-AC59-AFE577EA2619}.Release|x86.Build.0 = Release|Any CPU
		{152FC2AA-DA02-472B-8010-0053390DEB1A}.Debug|Any CPU.ActiveCfg = Debug|Any CPU
		{152FC2AA-DA02-472B-8010-0053390DEB1A}.Debug|Any CPU.Build.0 = Debug|Any CPU
		{152FC2AA-DA02-472B-8010-0053390DEB1A}.Debug|x64.ActiveCfg = Debug|Any CPU
		{152FC2AA-DA02-472B-8010-0053390DEB1A}.Debug|x64.Build.0 = Debug|Any CPU
		{152FC2AA-DA02-472B-8010-0053390DEB1A}.Debug|x86.ActiveCfg = Debug|Any CPU
		{152FC2AA-DA02-472B-8010-0053390DEB1A}.Debug|x86.Build.0 = Debug|Any CPU
		{152FC2AA-DA02-472B-8010-0053390DEB1A}.Release|Any CPU.ActiveCfg = Release|Any CPU
		{152FC2AA-DA02-472B-8010-0053390DEB1A}.Release|Any CPU.Build.0 = Release|Any CPU
		{152FC2AA-DA02-472B-8010-0053390DEB1A}.Release|x64.ActiveCfg = Release|Any CPU
		{152FC2AA-DA02-472B-8010-0053390DEB1A}.Release|x64.Build.0 = Release|Any CPU
		{152FC2AA-DA02-472B-8010-0053390DEB1A}.Release|x86.ActiveCfg = Release|Any CPU
		{152FC2AA-DA02-472B-8010-0053390DEB1A}.Release|x86.Build.0 = Release|Any CPU
		{AEAA3D81-3EAC-44AD-AC14-D51307B4CE93}.Debug|Any CPU.ActiveCfg = Debug|Any CPU
		{AEAA3D81-3EAC-44AD-AC14-D51307B4CE93}.Debug|Any CPU.Build.0 = Debug|Any CPU
		{AEAA3D81-3EAC-44AD-AC14-D51307B4CE93}.Debug|x64.ActiveCfg = Debug|Any CPU
		{AEAA3D81-3EAC-44AD-AC14-D51307B4CE93}.Debug|x64.Build.0 = Debug|Any CPU
		{AEAA3D81-3EAC-44AD-AC14-D51307B4CE93}.Debug|x86.ActiveCfg = Debug|Any CPU
		{AEAA3D81-3EAC-44AD-AC14-D51307B4CE93}.Debug|x86.Build.0 = Debug|Any CPU
		{AEAA3D81-3EAC-44AD-AC14-D51307B4CE93}.Release|Any CPU.ActiveCfg = Release|Any CPU
		{AEAA3D81-3EAC-44AD-AC14-D51307B4CE93}.Release|Any CPU.Build.0 = Release|Any CPU
		{AEAA3D81-3EAC-44AD-AC14-D51307B4CE93}.Release|x64.ActiveCfg = Release|Any CPU
		{AEAA3D81-3EAC-44AD-AC14-D51307B4CE93}.Release|x64.Build.0 = Release|Any CPU
		{AEAA3D81-3EAC-44AD-AC14-D51307B4CE93}.Release|x86.ActiveCfg = Release|Any CPU
		{AEAA3D81-3EAC-44AD-AC14-D51307B4CE93}.Release|x86.Build.0 = Release|Any CPU
		{FCBD3FAB-4EEE-4448-9CB2-1EEB51AC9B3F}.Debug|Any CPU.ActiveCfg = Debug|Any CPU
		{FCBD3FAB-4EEE-4448-9CB2-1EEB51AC9B3F}.Debug|Any CPU.Build.0 = Debug|Any CPU
		{FCBD3FAB-4EEE-4448-9CB2-1EEB51AC9B3F}.Debug|x64.ActiveCfg = Debug|Any CPU
		{FCBD3FAB-4EEE-4448-9CB2-1EEB51AC9B3F}.Debug|x64.Build.0 = Debug|Any CPU
		{FCBD3FAB-4EEE-4448-9CB2-1EEB51AC9B3F}.Debug|x86.ActiveCfg = Debug|Any CPU
		{FCBD3FAB-4EEE-4448-9CB2-1EEB51AC9B3F}.Debug|x86.Build.0 = Debug|Any CPU
		{FCBD3FAB-4EEE-4448-9CB2-1EEB51AC9B3F}.Release|Any CPU.ActiveCfg = Release|Any CPU
		{FCBD3FAB-4EEE-4448-9CB2-1EEB51AC9B3F}.Release|Any CPU.Build.0 = Release|Any CPU
		{FCBD3FAB-4EEE-4448-9CB2-1EEB51AC9B3F}.Release|x64.ActiveCfg = Release|Any CPU
		{FCBD3FAB-4EEE-4448-9CB2-1EEB51AC9B3F}.Release|x64.Build.0 = Release|Any CPU
		{FCBD3FAB-4EEE-4448-9CB2-1EEB51AC9B3F}.Release|x86.ActiveCfg = Release|Any CPU
		{FCBD3FAB-4EEE-4448-9CB2-1EEB51AC9B3F}.Release|x86.Build.0 = Release|Any CPU
		{14921A2B-7B08-46D7-941D-FD6509A7CF32}.Debug|Any CPU.ActiveCfg = Debug|Any CPU
		{14921A2B-7B08-46D7-941D-FD6509A7CF32}.Debug|Any CPU.Build.0 = Debug|Any CPU
		{14921A2B-7B08-46D7-941D-FD6509A7CF32}.Debug|x64.ActiveCfg = Debug|Any CPU
		{14921A2B-7B08-46D7-941D-FD6509A7CF32}.Debug|x64.Build.0 = Debug|Any CPU
		{14921A2B-7B08-46D7-941D-FD6509A7CF32}.Debug|x86.ActiveCfg = Debug|Any CPU
		{14921A2B-7B08-46D7-941D-FD6509A7CF32}.Debug|x86.Build.0 = Debug|Any CPU
		{14921A2B-7B08-46D7-941D-FD6509A7CF32}.Release|Any CPU.ActiveCfg = Release|Any CPU
		{14921A2B-7B08-46D7-941D-FD6509A7CF32}.Release|Any CPU.Build.0 = Release|Any CPU
		{14921A2B-7B08-46D7-941D-FD6509A7CF32}.Release|x64.ActiveCfg = Release|Any CPU
		{14921A2B-7B08-46D7-941D-FD6509A7CF32}.Release|x64.Build.0 = Release|Any CPU
		{14921A2B-7B08-46D7-941D-FD6509A7CF32}.Release|x86.ActiveCfg = Release|Any CPU
		{14921A2B-7B08-46D7-941D-FD6509A7CF32}.Release|x86.Build.0 = Release|Any CPU
		{F927B436-E4CF-4065-AB2A-5CBB41216BAF}.Debug|Any CPU.ActiveCfg = Debug|Any CPU
		{F927B436-E4CF-4065-AB2A-5CBB41216BAF}.Debug|Any CPU.Build.0 = Debug|Any CPU
		{F927B436-E4CF-4065-AB2A-5CBB41216BAF}.Debug|x64.ActiveCfg = Debug|Any CPU
		{F927B436-E4CF-4065-AB2A-5CBB41216BAF}.Debug|x64.Build.0 = Debug|Any CPU
		{F927B436-E4CF-4065-AB2A-5CBB41216BAF}.Debug|x86.ActiveCfg = Debug|Any CPU
		{F927B436-E4CF-4065-AB2A-5CBB41216BAF}.Debug|x86.Build.0 = Debug|Any CPU
		{F927B436-E4CF-4065-AB2A-5CBB41216BAF}.Release|Any CPU.ActiveCfg = Release|Any CPU
		{F927B436-E4CF-4065-AB2A-5CBB41216BAF}.Release|Any CPU.Build.0 = Release|Any CPU
		{F927B436-E4CF-4065-AB2A-5CBB41216BAF}.Release|x64.ActiveCfg = Release|Any CPU
		{F927B436-E4CF-4065-AB2A-5CBB41216BAF}.Release|x64.Build.0 = Release|Any CPU
		{F927B436-E4CF-4065-AB2A-5CBB41216BAF}.Release|x86.ActiveCfg = Release|Any CPU
		{F927B436-E4CF-4065-AB2A-5CBB41216BAF}.Release|x86.Build.0 = Release|Any CPU
		{90BCC0D4-AD4B-420C-948C-A9593B8F66C4}.Debug|Any CPU.ActiveCfg = Debug|Any CPU
		{90BCC0D4-AD4B-420C-948C-A9593B8F66C4}.Debug|Any CPU.Build.0 = Debug|Any CPU
		{90BCC0D4-AD4B-420C-948C-A9593B8F66C4}.Debug|x64.ActiveCfg = Debug|Any CPU
		{90BCC0D4-AD4B-420C-948C-A9593B8F66C4}.Debug|x64.Build.0 = Debug|Any CPU
		{90BCC0D4-AD4B-420C-948C-A9593B8F66C4}.Debug|x86.ActiveCfg = Debug|Any CPU
		{90BCC0D4-AD4B-420C-948C-A9593B8F66C4}.Debug|x86.Build.0 = Debug|Any CPU
		{90BCC0D4-AD4B-420C-948C-A9593B8F66C4}.Release|Any CPU.ActiveCfg = Release|Any CPU
		{90BCC0D4-AD4B-420C-948C-A9593B8F66C4}.Release|Any CPU.Build.0 = Release|Any CPU
		{90BCC0D4-AD4B-420C-948C-A9593B8F66C4}.Release|x64.ActiveCfg = Release|Any CPU
		{90BCC0D4-AD4B-420C-948C-A9593B8F66C4}.Release|x64.Build.0 = Release|Any CPU
		{90BCC0D4-AD4B-420C-948C-A9593B8F66C4}.Release|x86.ActiveCfg = Release|Any CPU
		{90BCC0D4-AD4B-420C-948C-A9593B8F66C4}.Release|x86.Build.0 = Release|Any CPU
		{EF18309F-CCCD-4186-AF70-949EEA3152ED}.Debug|Any CPU.ActiveCfg = Debug|Any CPU
		{EF18309F-CCCD-4186-AF70-949EEA3152ED}.Debug|Any CPU.Build.0 = Debug|Any CPU
		{EF18309F-CCCD-4186-AF70-949EEA3152ED}.Debug|x64.ActiveCfg = Debug|Any CPU
		{EF18309F-CCCD-4186-AF70-949EEA3152ED}.Debug|x64.Build.0 = Debug|Any CPU
		{EF18309F-CCCD-4186-AF70-949EEA3152ED}.Debug|x86.ActiveCfg = Debug|Any CPU
		{EF18309F-CCCD-4186-AF70-949EEA3152ED}.Debug|x86.Build.0 = Debug|Any CPU
		{EF18309F-CCCD-4186-AF70-949EEA3152ED}.Release|Any CPU.ActiveCfg = Release|Any CPU
		{EF18309F-CCCD-4186-AF70-949EEA3152ED}.Release|Any CPU.Build.0 = Release|Any CPU
		{EF18309F-CCCD-4186-AF70-949EEA3152ED}.Release|x64.ActiveCfg = Release|Any CPU
		{EF18309F-CCCD-4186-AF70-949EEA3152ED}.Release|x64.Build.0 = Release|Any CPU
		{EF18309F-CCCD-4186-AF70-949EEA3152ED}.Release|x86.ActiveCfg = Release|Any CPU
		{EF18309F-CCCD-4186-AF70-949EEA3152ED}.Release|x86.Build.0 = Release|Any CPU
		{8DACEAD8-C0A2-4391-88DE-1893DC02C9FE}.Debug|Any CPU.ActiveCfg = Debug|Any CPU
		{8DACEAD8-C0A2-4391-88DE-1893DC02C9FE}.Debug|Any CPU.Build.0 = Debug|Any CPU
		{8DACEAD8-C0A2-4391-88DE-1893DC02C9FE}.Debug|x64.ActiveCfg = Debug|Any CPU
		{8DACEAD8-C0A2-4391-88DE-1893DC02C9FE}.Debug|x64.Build.0 = Debug|Any CPU
		{8DACEAD8-C0A2-4391-88DE-1893DC02C9FE}.Debug|x86.ActiveCfg = Debug|Any CPU
		{8DACEAD8-C0A2-4391-88DE-1893DC02C9FE}.Debug|x86.Build.0 = Debug|Any CPU
		{8DACEAD8-C0A2-4391-88DE-1893DC02C9FE}.Release|Any CPU.ActiveCfg = Release|Any CPU
		{8DACEAD8-C0A2-4391-88DE-1893DC02C9FE}.Release|Any CPU.Build.0 = Release|Any CPU
		{8DACEAD8-C0A2-4391-88DE-1893DC02C9FE}.Release|x64.ActiveCfg = Release|Any CPU
		{8DACEAD8-C0A2-4391-88DE-1893DC02C9FE}.Release|x64.Build.0 = Release|Any CPU
		{8DACEAD8-C0A2-4391-88DE-1893DC02C9FE}.Release|x86.ActiveCfg = Release|Any CPU
		{8DACEAD8-C0A2-4391-88DE-1893DC02C9FE}.Release|x86.Build.0 = Release|Any CPU
		{C36F9F5A-5445-4557-9439-E6B2FCFB1257}.Debug|Any CPU.ActiveCfg = Debug|Any CPU
		{C36F9F5A-5445-4557-9439-E6B2FCFB1257}.Debug|Any CPU.Build.0 = Debug|Any CPU
		{C36F9F5A-5445-4557-9439-E6B2FCFB1257}.Debug|x64.ActiveCfg = Debug|Any CPU
		{C36F9F5A-5445-4557-9439-E6B2FCFB1257}.Debug|x64.Build.0 = Debug|Any CPU
		{C36F9F5A-5445-4557-9439-E6B2FCFB1257}.Debug|x86.ActiveCfg = Debug|Any CPU
		{C36F9F5A-5445-4557-9439-E6B2FCFB1257}.Debug|x86.Build.0 = Debug|Any CPU
		{C36F9F5A-5445-4557-9439-E6B2FCFB1257}.Release|Any CPU.ActiveCfg = Release|Any CPU
		{C36F9F5A-5445-4557-9439-E6B2FCFB1257}.Release|Any CPU.Build.0 = Release|Any CPU
		{C36F9F5A-5445-4557-9439-E6B2FCFB1257}.Release|x64.ActiveCfg = Release|Any CPU
		{C36F9F5A-5445-4557-9439-E6B2FCFB1257}.Release|x64.Build.0 = Release|Any CPU
		{C36F9F5A-5445-4557-9439-E6B2FCFB1257}.Release|x86.ActiveCfg = Release|Any CPU
		{C36F9F5A-5445-4557-9439-E6B2FCFB1257}.Release|x86.Build.0 = Release|Any CPU
	EndGlobalSection
	GlobalSection(NestedProjects) = preSolution
		{42F5803F-5ABA-4F3D-A024-7BAD511EED26} = {598ABC81-3119-47FF-8AE0-ADF3A4222CC6}
		{EED3A935-8C29-48E9-B144-55DD06F4D0DC} = {42F5803F-5ABA-4F3D-A024-7BAD511EED26}
		{B72B865E-B69C-47F1-AF9D-27D3879F0DA2} = {598ABC81-3119-47FF-8AE0-ADF3A4222CC6}
		{8313ED71-AC70-4CD0-BE08-4E733F563F0A} = {B72B865E-B69C-47F1-AF9D-27D3879F0DA2}
		{AA74188C-F64D-45DF-855F-81BF67E6115A} = {B72B865E-B69C-47F1-AF9D-27D3879F0DA2}
		{2C123BDD-A47D-4B59-8F63-31087EDAFD42} = {598ABC81-3119-47FF-8AE0-ADF3A4222CC6}
		{4AE25D6F-42D0-4E88-8FDF-7350D4DBB037} = {2C123BDD-A47D-4B59-8F63-31087EDAFD42}
		{F81056AF-E206-4406-ADB2-9D89114FAC41} = {2C123BDD-A47D-4B59-8F63-31087EDAFD42}
		{C9FF0CA7-8155-4CE8-A6A1-56CB8F6AD270} = {2C123BDD-A47D-4B59-8F63-31087EDAFD42}
		{2BA273F8-EAFB-498F-84B7-0106ACCBB3D8} = {2C123BDD-A47D-4B59-8F63-31087EDAFD42}
		{DD9E8A54-E11B-4737-AF64-1F04DCA8EDE8} = {2C123BDD-A47D-4B59-8F63-31087EDAFD42}
		{B73C3ACD-D98F-41DA-9700-21FC4B5D9380} = {A99A8CEF-1637-4173-BAF0-79CA5C681F85}
		{8282819A-E5B7-4F4C-88AA-891B1DE5D88D} = {B73C3ACD-D98F-41DA-9700-21FC4B5D9380}
		{BFED5557-3C38-45DB-9AD1-A4C05906648B} = {B73C3ACD-D98F-41DA-9700-21FC4B5D9380}
		{55347A48-9871-46F8-B5F2-4E38A655E138} = {B73C3ACD-D98F-41DA-9700-21FC4B5D9380}
		{100A73DE-2A84-4253-9119-8057652CC39C} = {A99A8CEF-1637-4173-BAF0-79CA5C681F85}
		{74C6340C-8084-4FF6-BFF2-9555CA8DE57F} = {100A73DE-2A84-4253-9119-8057652CC39C}
		{73D5E5F7-8392-4091-8294-DF4576244C2A} = {74C6340C-8084-4FF6-BFF2-9555CA8DE57F}
		{1985DA7F-00A0-485F-9E39-CB63662497CD} = {74C6340C-8084-4FF6-BFF2-9555CA8DE57F}
		{C6597DC2-954D-4193-9279-044321405552} = {74C6340C-8084-4FF6-BFF2-9555CA8DE57F}
		{4DA70EE9-152A-45F5-B415-578AA8400BCF} = {100A73DE-2A84-4253-9119-8057652CC39C}
		{5069A663-6452-444D-8947-E330DCAC8025} = {4DA70EE9-152A-45F5-B415-578AA8400BCF}
		{9B569F56-3993-487B-9FF6-9A5FA3307C16} = {A99A8CEF-1637-4173-BAF0-79CA5C681F85}
		{D8200301-D2A3-40D5-BED5-4FE67B947729} = {A99A8CEF-1637-4173-BAF0-79CA5C681F85}
		{7A0BDC85-0A02-4064-AA39-6E1F8045C508} = {E7CD90FE-A366-4BBB-9ADE-448FB2B4F983}
		{D5296296-8DBB-4F49-AC59-AFE577EA2619} = {7A0BDC85-0A02-4064-AA39-6E1F8045C508}
		{152FC2AA-DA02-472B-8010-0053390DEB1A} = {7A0BDC85-0A02-4064-AA39-6E1F8045C508}
		{AEAA3D81-3EAC-44AD-AC14-D51307B4CE93} = {E7CD90FE-A366-4BBB-9ADE-448FB2B4F983}
		{FCBD3FAB-4EEE-4448-9CB2-1EEB51AC9B3F} = {E7CD90FE-A366-4BBB-9ADE-448FB2B4F983}
		{14921A2B-7B08-46D7-941D-FD6509A7CF32} = {E7CD90FE-A366-4BBB-9ADE-448FB2B4F983}
		{F927B436-E4CF-4065-AB2A-5CBB41216BAF} = {E7CD90FE-A366-4BBB-9ADE-448FB2B4F983}
		{90BCC0D4-AD4B-420C-948C-A9593B8F66C4} = {E7CD90FE-A366-4BBB-9ADE-448FB2B4F983}
		{EF18309F-CCCD-4186-AF70-949EEA3152ED} = {E7CD90FE-A366-4BBB-9ADE-448FB2B4F983}
		{8DACEAD8-C0A2-4391-88DE-1893DC02C9FE} = {E7CD90FE-A366-4BBB-9ADE-448FB2B4F983}
		{C36F9F5A-5445-4557-9439-E6B2FCFB1257} = {E7CD90FE-A366-4BBB-9ADE-448FB2B4F983}
	EndGlobalSection
EndGlobal
