
Microsoft Visual Studio Solution File, Format Version 12.00
# Visual Studio 15
VisualStudioVersion = 15.0.26124.0
MinimumVisualStudioVersion = 15.0.26124.0
Project("{2150E333-8FDC-42A3-9474-1A3956D46DE8}") = "samples", "samples", "{79C5B4C4-8BF5-48B4-A03B-4BFF9ED9CA4B}"
EndProject
Project("{2150E333-8FDC-42A3-9474-1A3956D46DE8}") = "extras", "extras", "{B2BE01CC-24E9-4370-B1B8-5F7FF6833DE2}"
EndProject
Project("{FAE04EC0-301F-11D3-BF4B-00C04F79EFBC}") = "ErrorFilters", "samples\extras\ErrorFilters\ErrorFilters.csproj", "{D18084BC-0705-4A05-87B9-69B89ED99504}"
EndProject
Project("{2150E333-8FDC-42A3-9474-1A3956D46DE8}") = "InMemory", "InMemory", "{447B9CE7-7877-43B0-890C-E732F8D45FC2}"
EndProject
Project("{FAE04EC0-301F-11D3-BF4B-00C04F79EFBC}") = "NetCoreConsoleApp", "samples\InMemory\NetCoreConsoleApp\NetCoreConsoleApp.csproj", "{90CE80D1-91B6-46BE-8D25-44A2B18EE534}"
EndProject
Project("{FAE04EC0-301F-11D3-BF4B-00C04F79EFBC}") = "NetFxWindowsService", "samples\InMemory\NetFxWindowsService\NetFxWindowsService.csproj", "{275FC1A9-D04D-4F78-BD5E-8EEF9714D93A}"
EndProject
Project("{2150E333-8FDC-42A3-9474-1A3956D46DE8}") = "RabbitMQ", "RabbitMQ", "{49D3B42C-12FB-424A-89AE-10148DFB35CC}"
EndProject
Project("{FAE04EC0-301F-11D3-BF4B-00C04F79EFBC}") = "PureSender", "samples\RabbitMQ\PureSender\PureSender.csproj", "{3E2A50FF-DBC1-4C5D-B12B-57654480C226}"
EndProject
Project("{FAE04EC0-301F-11D3-BF4B-00C04F79EFBC}") = "ReceiverConfig", "samples\RabbitMQ\ReceiverConfig\ReceiverConfig.csproj", "{EB954D1E-3EDC-4E5C-B352-5EFDD9980A1E}"
EndProject
Project("{FAE04EC0-301F-11D3-BF4B-00C04F79EFBC}") = "ReceiverSetup", "samples\RabbitMQ\ReceiverSetup\ReceiverSetup.csproj", "{91F266D9-A940-4BD8-BE7A-240852EC8F35}"
EndProject
Project("{FAE04EC0-301F-11D3-BF4B-00C04F79EFBC}") = "SenderFeedback", "samples\RabbitMQ\SenderFeedback\SenderFeedback.csproj", "{CE14CF8F-D54A-493A-90C4-A445C7FC1076}"
EndProject
Project("{FAE04EC0-301F-11D3-BF4B-00C04F79EFBC}") = "Types", "samples\RabbitMQ\Types\Types.csproj", "{34BF2EA8-9A34-44A8-B1ED-938CB414160E}"
EndProject
Project("{2150E333-8FDC-42A3-9474-1A3956D46DE8}") = "src", "src", "{FE96739B-3D10-4431-945B-F31E8C4C3307}"
EndProject
Project("{2150E333-8FDC-42A3-9474-1A3956D46DE8}") = "engines", "engines", "{92DDB607-4A9F-41B2-83A8-4CEEE19D5CC4}"
EndProject
Project("{FAE04EC0-301F-11D3-BF4B-00C04F79EFBC}") = "Nybus.Engine.AWS", "src\engines\Nybus.Engine.AWS\Nybus.Engine.AWS.csproj", "{4D0D36C7-BE97-4FE9-BF11-AE3B981A955F}"
EndProject
Project("{FAE04EC0-301F-11D3-BF4B-00C04F79EFBC}") = "Nybus.Engine.InMemory", "src\engines\Nybus.Engine.InMemory\Nybus.Engine.InMemory.csproj", "{B16F8A37-C003-40B7-97C9-75D8609BE1DE}"
EndProject
Project("{FAE04EC0-301F-11D3-BF4B-00C04F79EFBC}") = "Nybus.Engine.RabbitMq", "src\engines\Nybus.Engine.RabbitMq\Nybus.Engine.RabbitMq.csproj", "{21177D36-4936-42B6-AB93-24B26A28BF1E}"
EndProject
Project("{2150E333-8FDC-42A3-9474-1A3956D46DE8}") = "extensions", "extensions", "{A969ADA0-6628-42E6-80FE-9369C3006776}"
EndProject
Project("{2150E333-8FDC-42A3-9474-1A3956D46DE8}") = "hosting", "hosting", "{DF60F782-BCC0-4775-B243-1A8B16BBEBD1}"
EndProject
Project("{FAE04EC0-301F-11D3-BF4B-00C04F79EFBC}") = "Nybus.Extensions.Hosting.HostedService", "src\extensions\hosting\Nybus.Extensions.HostedService\Nybus.Extensions.Hosting.HostedService.csproj", "{24AD6F1B-AB7E-4A9F-B610-827BEDF0AB44}"
EndProject
Project("{FAE04EC0-301F-11D3-BF4B-00C04F79EFBC}") = "Nybus.Extensions.Hosting.Lambda", "src\extensions\hosting\Nybus.Extensions.Hosting.Lambda\Nybus.Extensions.Hosting.Lambda.csproj", "{AF79348F-C4C7-46B1-BF4B-55AE3D7C23E7}"
EndProject
Project("{FAE04EC0-301F-11D3-BF4B-00C04F79EFBC}") = "Nybus.Extensions.Hosting.TopShelf", "src\extensions\hosting\Nybus.Extensions.TopShelf\Nybus.Extensions.Hosting.TopShelf.csproj", "{6C797D7E-003F-48AD-8B30-04ECFA4FAA51}"
EndProject
Project("{FAE04EC0-301F-11D3-BF4B-00C04F79EFBC}") = "Nybus", "src\Nybus\Nybus.csproj", "{3266B2B5-3E94-4DAC-A5E0-F134EE86C902}"
EndProject
Project("{FAE04EC0-301F-11D3-BF4B-00C04F79EFBC}") = "Nybus.Abstractions", "src\Nybus.Abstractions\Nybus.Abstractions.csproj", "{2E99F00F-55C1-4BE1-9B14-30C98353A47C}"
EndProject
Project("{2150E333-8FDC-42A3-9474-1A3956D46DE8}") = "tests", "tests", "{5583D38A-5F41-4A9D-A7EC-FECC48E18827}"
EndProject
Project("{2150E333-8FDC-42A3-9474-1A3956D46DE8}") = "integration", "integration", "{C2FD46E9-C75A-462A-9E81-37ABE1357374}"
EndProject
Project("{FAE04EC0-301F-11D3-BF4B-00C04F79EFBC}") = "Tests.Integration.Nybus.Engine.InMemory", "tests\integration\Tests.Integration.Nybus.Engine.InMemory\Tests.Integration.Nybus.Engine.InMemory.csproj", "{0C101E55-0CB0-44B7-AAA7-0FFF415D554C}"
EndProject
Project("{FAE04EC0-301F-11D3-BF4B-00C04F79EFBC}") = "Tests.Integration.Nybus.Engine.RabbitMq", "tests\integration\Tests.Integration.Nybus.Engine.RabbitMq\Tests.Integration.Nybus.Engine.RabbitMq.csproj", "{F3D78D90-92AB-475C-8483-FBF837D0E685}"
EndProject
Project("{FAE04EC0-301F-11D3-BF4B-00C04F79EFBC}") = "Tests.Nybus", "tests\Tests.Nybus\Tests.Nybus.csproj", "{E5F492B2-D2E1-46A5-A400-1AFA2198CB90}"
EndProject
Project("{FAE04EC0-301F-11D3-BF4B-00C04F79EFBC}") = "Tests.Nybus.Abstractions", "tests\Tests.Nybus.Abstractions\Tests.Nybus.Abstractions.csproj", "{059E6399-FECD-4BB2-BADD-B146CBCE385B}"
EndProject
Project("{FAE04EC0-301F-11D3-BF4B-00C04F79EFBC}") = "Tests.Nybus.Engine.AWS", "tests\Tests.Nybus.Engine.AWS\Tests.Nybus.Engine.AWS.csproj", "{8842B596-DAFE-4C57-9AAC-AA7897145172}"
EndProject
Project("{FAE04EC0-301F-11D3-BF4B-00C04F79EFBC}") = "Tests.Nybus.Engine.InMemory", "tests\Tests.Nybus.Engine.InMemory\Tests.Nybus.Engine.InMemory.csproj", "{3B0947D7-2FD3-4E3C-9D4E-1A21CA7D659F}"
EndProject
Project("{FAE04EC0-301F-11D3-BF4B-00C04F79EFBC}") = "Tests.Nybus.Engine.RabbitMq", "tests\Tests.Nybus.Engine.RabbitMq\Tests.Nybus.Engine.RabbitMq.csproj", "{850352D6-D387-4F9E-903D-A0F269A24568}"
EndProject
Project("{FAE04EC0-301F-11D3-BF4B-00C04F79EFBC}") = "Tests.Nybus.Extensions.Hosting.HostedService", "tests\Tests.Nybus.Extensions.Hosting.HostedService\Tests.Nybus.Extensions.Hosting.HostedService.csproj", "{3D8C46C6-9F87-4510-BE8F-E8BA7A443683}"
EndProject
Project("{FAE04EC0-301F-11D3-BF4B-00C04F79EFBC}") = "Tests.Nybus.Extensions.Hosting.Lambda", "tests\Tests.Nybus.Extensions.Hosting.Lambda\Tests.Nybus.Extensions.Hosting.Lambda.csproj", "{BDC9EFB7-2C5A-4D3D-8896-29BCA04CD53C}"
EndProject
Project("{FAE04EC0-301F-11D3-BF4B-00C04F79EFBC}") = "Tests.Nybus.Extensions.Hosting.TopShelf", "tests\Tests.Nybus.Extensions.Hosting.TopShelf\Tests.Nybus.Extensions.Hosting.TopShelf.csproj", "{D13D9C61-4892-4078-BB08-59A0B653E770}"
EndProject
Project("{FAE04EC0-301F-11D3-BF4B-00C04F79EFBC}") = "TestUtils", "tests\TestUtils\TestUtils.csproj", "{95220A08-500D-41F0-8953-82FA15F9D38B}"
EndProject
Global
	GlobalSection(SolutionConfigurationPlatforms) = preSolution
		Debug|Any CPU = Debug|Any CPU
		Debug|x64 = Debug|x64
		Debug|x86 = Debug|x86
		Release|Any CPU = Release|Any CPU
		Release|x64 = Release|x64
		Release|x86 = Release|x86
	EndGlobalSection
	GlobalSection(SolutionProperties) = preSolution
		HideSolutionNode = FALSE
	EndGlobalSection
	GlobalSection(ProjectConfigurationPlatforms) = postSolution
		{D18084BC-0705-4A05-87B9-69B89ED99504}.Debug|Any CPU.ActiveCfg = Debug|Any CPU
		{D18084BC-0705-4A05-87B9-69B89ED99504}.Debug|Any CPU.Build.0 = Debug|Any CPU
		{D18084BC-0705-4A05-87B9-69B89ED99504}.Debug|x64.ActiveCfg = Debug|Any CPU
		{D18084BC-0705-4A05-87B9-69B89ED99504}.Debug|x64.Build.0 = Debug|Any CPU
		{D18084BC-0705-4A05-87B9-69B89ED99504}.Debug|x86.ActiveCfg = Debug|Any CPU
		{D18084BC-0705-4A05-87B9-69B89ED99504}.Debug|x86.Build.0 = Debug|Any CPU
		{D18084BC-0705-4A05-87B9-69B89ED99504}.Release|Any CPU.ActiveCfg = Release|Any CPU
		{D18084BC-0705-4A05-87B9-69B89ED99504}.Release|Any CPU.Build.0 = Release|Any CPU
		{D18084BC-0705-4A05-87B9-69B89ED99504}.Release|x64.ActiveCfg = Release|Any CPU
		{D18084BC-0705-4A05-87B9-69B89ED99504}.Release|x64.Build.0 = Release|Any CPU
		{D18084BC-0705-4A05-87B9-69B89ED99504}.Release|x86.ActiveCfg = Release|Any CPU
		{D18084BC-0705-4A05-87B9-69B89ED99504}.Release|x86.Build.0 = Release|Any CPU
		{90CE80D1-91B6-46BE-8D25-44A2B18EE534}.Debug|Any CPU.ActiveCfg = Debug|Any CPU
		{90CE80D1-91B6-46BE-8D25-44A2B18EE534}.Debug|Any CPU.Build.0 = Debug|Any CPU
		{90CE80D1-91B6-46BE-8D25-44A2B18EE534}.Debug|x64.ActiveCfg = Debug|Any CPU
		{90CE80D1-91B6-46BE-8D25-44A2B18EE534}.Debug|x64.Build.0 = Debug|Any CPU
		{90CE80D1-91B6-46BE-8D25-44A2B18EE534}.Debug|x86.ActiveCfg = Debug|Any CPU
		{90CE80D1-91B6-46BE-8D25-44A2B18EE534}.Debug|x86.Build.0 = Debug|Any CPU
		{90CE80D1-91B6-46BE-8D25-44A2B18EE534}.Release|Any CPU.ActiveCfg = Release|Any CPU
		{90CE80D1-91B6-46BE-8D25-44A2B18EE534}.Release|Any CPU.Build.0 = Release|Any CPU
		{90CE80D1-91B6-46BE-8D25-44A2B18EE534}.Release|x64.ActiveCfg = Release|Any CPU
		{90CE80D1-91B6-46BE-8D25-44A2B18EE534}.Release|x64.Build.0 = Release|Any CPU
		{90CE80D1-91B6-46BE-8D25-44A2B18EE534}.Release|x86.ActiveCfg = Release|Any CPU
		{90CE80D1-91B6-46BE-8D25-44A2B18EE534}.Release|x86.Build.0 = Release|Any CPU
		{275FC1A9-D04D-4F78-BD5E-8EEF9714D93A}.Debug|Any CPU.ActiveCfg = Debug|Any CPU
		{275FC1A9-D04D-4F78-BD5E-8EEF9714D93A}.Debug|Any CPU.Build.0 = Debug|Any CPU
		{275FC1A9-D04D-4F78-BD5E-8EEF9714D93A}.Debug|x64.ActiveCfg = Debug|Any CPU
		{275FC1A9-D04D-4F78-BD5E-8EEF9714D93A}.Debug|x64.Build.0 = Debug|Any CPU
		{275FC1A9-D04D-4F78-BD5E-8EEF9714D93A}.Debug|x86.ActiveCfg = Debug|Any CPU
		{275FC1A9-D04D-4F78-BD5E-8EEF9714D93A}.Debug|x86.Build.0 = Debug|Any CPU
		{275FC1A9-D04D-4F78-BD5E-8EEF9714D93A}.Release|Any CPU.ActiveCfg = Release|Any CPU
		{275FC1A9-D04D-4F78-BD5E-8EEF9714D93A}.Release|Any CPU.Build.0 = Release|Any CPU
		{275FC1A9-D04D-4F78-BD5E-8EEF9714D93A}.Release|x64.ActiveCfg = Release|Any CPU
		{275FC1A9-D04D-4F78-BD5E-8EEF9714D93A}.Release|x64.Build.0 = Release|Any CPU
		{275FC1A9-D04D-4F78-BD5E-8EEF9714D93A}.Release|x86.ActiveCfg = Release|Any CPU
		{275FC1A9-D04D-4F78-BD5E-8EEF9714D93A}.Release|x86.Build.0 = Release|Any CPU
		{3E2A50FF-DBC1-4C5D-B12B-57654480C226}.Debug|Any CPU.ActiveCfg = Debug|Any CPU
		{3E2A50FF-DBC1-4C5D-B12B-57654480C226}.Debug|Any CPU.Build.0 = Debug|Any CPU
		{3E2A50FF-DBC1-4C5D-B12B-57654480C226}.Debug|x64.ActiveCfg = Debug|Any CPU
		{3E2A50FF-DBC1-4C5D-B12B-57654480C226}.Debug|x64.Build.0 = Debug|Any CPU
		{3E2A50FF-DBC1-4C5D-B12B-57654480C226}.Debug|x86.ActiveCfg = Debug|Any CPU
		{3E2A50FF-DBC1-4C5D-B12B-57654480C226}.Debug|x86.Build.0 = Debug|Any CPU
		{3E2A50FF-DBC1-4C5D-B12B-57654480C226}.Release|Any CPU.ActiveCfg = Release|Any CPU
		{3E2A50FF-DBC1-4C5D-B12B-57654480C226}.Release|Any CPU.Build.0 = Release|Any CPU
		{3E2A50FF-DBC1-4C5D-B12B-57654480C226}.Release|x64.ActiveCfg = Release|Any CPU
		{3E2A50FF-DBC1-4C5D-B12B-57654480C226}.Release|x64.Build.0 = Release|Any CPU
		{3E2A50FF-DBC1-4C5D-B12B-57654480C226}.Release|x86.ActiveCfg = Release|Any CPU
		{3E2A50FF-DBC1-4C5D-B12B-57654480C226}.Release|x86.Build.0 = Release|Any CPU
		{EB954D1E-3EDC-4E5C-B352-5EFDD9980A1E}.Debug|Any CPU.ActiveCfg = Debug|Any CPU
		{EB954D1E-3EDC-4E5C-B352-5EFDD9980A1E}.Debug|Any CPU.Build.0 = Debug|Any CPU
		{EB954D1E-3EDC-4E5C-B352-5EFDD9980A1E}.Debug|x64.ActiveCfg = Debug|Any CPU
		{EB954D1E-3EDC-4E5C-B352-5EFDD9980A1E}.Debug|x64.Build.0 = Debug|Any CPU
		{EB954D1E-3EDC-4E5C-B352-5EFDD9980A1E}.Debug|x86.ActiveCfg = Debug|Any CPU
		{EB954D1E-3EDC-4E5C-B352-5EFDD9980A1E}.Debug|x86.Build.0 = Debug|Any CPU
		{EB954D1E-3EDC-4E5C-B352-5EFDD9980A1E}.Release|Any CPU.ActiveCfg = Release|Any CPU
		{EB954D1E-3EDC-4E5C-B352-5EFDD9980A1E}.Release|Any CPU.Build.0 = Release|Any CPU
		{EB954D1E-3EDC-4E5C-B352-5EFDD9980A1E}.Release|x64.ActiveCfg = Release|Any CPU
		{EB954D1E-3EDC-4E5C-B352-5EFDD9980A1E}.Release|x64.Build.0 = Release|Any CPU
		{EB954D1E-3EDC-4E5C-B352-5EFDD9980A1E}.Release|x86.ActiveCfg = Release|Any CPU
		{EB954D1E-3EDC-4E5C-B352-5EFDD9980A1E}.Release|x86.Build.0 = Release|Any CPU
		{91F266D9-A940-4BD8-BE7A-240852EC8F35}.Debug|Any CPU.ActiveCfg = Debug|Any CPU
		{91F266D9-A940-4BD8-BE7A-240852EC8F35}.Debug|Any CPU.Build.0 = Debug|Any CPU
		{91F266D9-A940-4BD8-BE7A-240852EC8F35}.Debug|x64.ActiveCfg = Debug|Any CPU
		{91F266D9-A940-4BD8-BE7A-240852EC8F35}.Debug|x64.Build.0 = Debug|Any CPU
		{91F266D9-A940-4BD8-BE7A-240852EC8F35}.Debug|x86.ActiveCfg = Debug|Any CPU
		{91F266D9-A940-4BD8-BE7A-240852EC8F35}.Debug|x86.Build.0 = Debug|Any CPU
		{91F266D9-A940-4BD8-BE7A-240852EC8F35}.Release|Any CPU.ActiveCfg = Release|Any CPU
		{91F266D9-A940-4BD8-BE7A-240852EC8F35}.Release|Any CPU.Build.0 = Release|Any CPU
		{91F266D9-A940-4BD8-BE7A-240852EC8F35}.Release|x64.ActiveCfg = Release|Any CPU
		{91F266D9-A940-4BD8-BE7A-240852EC8F35}.Release|x64.Build.0 = Release|Any CPU
		{91F266D9-A940-4BD8-BE7A-240852EC8F35}.Release|x86.ActiveCfg = Release|Any CPU
		{91F266D9-A940-4BD8-BE7A-240852EC8F35}.Release|x86.Build.0 = Release|Any CPU
		{CE14CF8F-D54A-493A-90C4-A445C7FC1076}.Debug|Any CPU.ActiveCfg = Debug|Any CPU
		{CE14CF8F-D54A-493A-90C4-A445C7FC1076}.Debug|Any CPU.Build.0 = Debug|Any CPU
		{CE14CF8F-D54A-493A-90C4-A445C7FC1076}.Debug|x64.ActiveCfg = Debug|Any CPU
		{CE14CF8F-D54A-493A-90C4-A445C7FC1076}.Debug|x64.Build.0 = Debug|Any CPU
		{CE14CF8F-D54A-493A-90C4-A445C7FC1076}.Debug|x86.ActiveCfg = Debug|Any CPU
		{CE14CF8F-D54A-493A-90C4-A445C7FC1076}.Debug|x86.Build.0 = Debug|Any CPU
		{CE14CF8F-D54A-493A-90C4-A445C7FC1076}.Release|Any CPU.ActiveCfg = Release|Any CPU
		{CE14CF8F-D54A-493A-90C4-A445C7FC1076}.Release|Any CPU.Build.0 = Release|Any CPU
		{CE14CF8F-D54A-493A-90C4-A445C7FC1076}.Release|x64.ActiveCfg = Release|Any CPU
		{CE14CF8F-D54A-493A-90C4-A445C7FC1076}.Release|x64.Build.0 = Release|Any CPU
		{CE14CF8F-D54A-493A-90C4-A445C7FC1076}.Release|x86.ActiveCfg = Release|Any CPU
		{CE14CF8F-D54A-493A-90C4-A445C7FC1076}.Release|x86.Build.0 = Release|Any CPU
		{34BF2EA8-9A34-44A8-B1ED-938CB414160E}.Debug|Any CPU.ActiveCfg = Debug|Any CPU
		{34BF2EA8-9A34-44A8-B1ED-938CB414160E}.Debug|Any CPU.Build.0 = Debug|Any CPU
		{34BF2EA8-9A34-44A8-B1ED-938CB414160E}.Debug|x64.ActiveCfg = Debug|Any CPU
		{34BF2EA8-9A34-44A8-B1ED-938CB414160E}.Debug|x64.Build.0 = Debug|Any CPU
		{34BF2EA8-9A34-44A8-B1ED-938CB414160E}.Debug|x86.ActiveCfg = Debug|Any CPU
		{34BF2EA8-9A34-44A8-B1ED-938CB414160E}.Debug|x86.Build.0 = Debug|Any CPU
		{34BF2EA8-9A34-44A8-B1ED-938CB414160E}.Release|Any CPU.ActiveCfg = Release|Any CPU
		{34BF2EA8-9A34-44A8-B1ED-938CB414160E}.Release|Any CPU.Build.0 = Release|Any CPU
		{34BF2EA8-9A34-44A8-B1ED-938CB414160E}.Release|x64.ActiveCfg = Release|Any CPU
		{34BF2EA8-9A34-44A8-B1ED-938CB414160E}.Release|x64.Build.0 = Release|Any CPU
		{34BF2EA8-9A34-44A8-B1ED-938CB414160E}.Release|x86.ActiveCfg = Release|Any CPU
		{34BF2EA8-9A34-44A8-B1ED-938CB414160E}.Release|x86.Build.0 = Release|Any CPU
		{4D0D36C7-BE97-4FE9-BF11-AE3B981A955F}.Debug|Any CPU.ActiveCfg = Debug|Any CPU
		{4D0D36C7-BE97-4FE9-BF11-AE3B981A955F}.Debug|Any CPU.Build.0 = Debug|Any CPU
		{4D0D36C7-BE97-4FE9-BF11-AE3B981A955F}.Debug|x64.ActiveCfg = Debug|Any CPU
		{4D0D36C7-BE97-4FE9-BF11-AE3B981A955F}.Debug|x64.Build.0 = Debug|Any CPU
		{4D0D36C7-BE97-4FE9-BF11-AE3B981A955F}.Debug|x86.ActiveCfg = Debug|Any CPU
		{4D0D36C7-BE97-4FE9-BF11-AE3B981A955F}.Debug|x86.Build.0 = Debug|Any CPU
		{4D0D36C7-BE97-4FE9-BF11-AE3B981A955F}.Release|Any CPU.ActiveCfg = Release|Any CPU
		{4D0D36C7-BE97-4FE9-BF11-AE3B981A955F}.Release|Any CPU.Build.0 = Release|Any CPU
		{4D0D36C7-BE97-4FE9-BF11-AE3B981A955F}.Release|x64.ActiveCfg = Release|Any CPU
		{4D0D36C7-BE97-4FE9-BF11-AE3B981A955F}.Release|x64.Build.0 = Release|Any CPU
		{4D0D36C7-BE97-4FE9-BF11-AE3B981A955F}.Release|x86.ActiveCfg = Release|Any CPU
		{4D0D36C7-BE97-4FE9-BF11-AE3B981A955F}.Release|x86.Build.0 = Release|Any CPU
		{B16F8A37-C003-40B7-97C9-75D8609BE1DE}.Debug|Any CPU.ActiveCfg = Debug|Any CPU
		{B16F8A37-C003-40B7-97C9-75D8609BE1DE}.Debug|Any CPU.Build.0 = Debug|Any CPU
		{B16F8A37-C003-40B7-97C9-75D8609BE1DE}.Debug|x64.ActiveCfg = Debug|Any CPU
		{B16F8A37-C003-40B7-97C9-75D8609BE1DE}.Debug|x64.Build.0 = Debug|Any CPU
		{B16F8A37-C003-40B7-97C9-75D8609BE1DE}.Debug|x86.ActiveCfg = Debug|Any CPU
		{B16F8A37-C003-40B7-97C9-75D8609BE1DE}.Debug|x86.Build.0 = Debug|Any CPU
		{B16F8A37-C003-40B7-97C9-75D8609BE1DE}.Release|Any CPU.ActiveCfg = Release|Any CPU
		{B16F8A37-C003-40B7-97C9-75D8609BE1DE}.Release|Any CPU.Build.0 = Release|Any CPU
		{B16F8A37-C003-40B7-97C9-75D8609BE1DE}.Release|x64.ActiveCfg = Release|Any CPU
		{B16F8A37-C003-40B7-97C9-75D8609BE1DE}.Release|x64.Build.0 = Release|Any CPU
		{B16F8A37-C003-40B7-97C9-75D8609BE1DE}.Release|x86.ActiveCfg = Release|Any CPU
		{B16F8A37-C003-40B7-97C9-75D8609BE1DE}.Release|x86.Build.0 = Release|Any CPU
		{21177D36-4936-42B6-AB93-24B26A28BF1E}.Debug|Any CPU.ActiveCfg = Debug|Any CPU
		{21177D36-4936-42B6-AB93-24B26A28BF1E}.Debug|Any CPU.Build.0 = Debug|Any CPU
		{21177D36-4936-42B6-AB93-24B26A28BF1E}.Debug|x64.ActiveCfg = Debug|Any CPU
		{21177D36-4936-42B6-AB93-24B26A28BF1E}.Debug|x64.Build.0 = Debug|Any CPU
		{21177D36-4936-42B6-AB93-24B26A28BF1E}.Debug|x86.ActiveCfg = Debug|Any CPU
		{21177D36-4936-42B6-AB93-24B26A28BF1E}.Debug|x86.Build.0 = Debug|Any CPU
		{21177D36-4936-42B6-AB93-24B26A28BF1E}.Release|Any CPU.ActiveCfg = Release|Any CPU
		{21177D36-4936-42B6-AB93-24B26A28BF1E}.Release|Any CPU.Build.0 = Release|Any CPU
		{21177D36-4936-42B6-AB93-24B26A28BF1E}.Release|x64.ActiveCfg = Release|Any CPU
		{21177D36-4936-42B6-AB93-24B26A28BF1E}.Release|x64.Build.0 = Release|Any CPU
		{21177D36-4936-42B6-AB93-24B26A28BF1E}.Release|x86.ActiveCfg = Release|Any CPU
		{21177D36-4936-42B6-AB93-24B26A28BF1E}.Release|x86.Build.0 = Release|Any CPU
		{24AD6F1B-AB7E-4A9F-B610-827BEDF0AB44}.Debug|Any CPU.ActiveCfg = Debug|Any CPU
		{24AD6F1B-AB7E-4A9F-B610-827BEDF0AB44}.Debug|Any CPU.Build.0 = Debug|Any CPU
		{24AD6F1B-AB7E-4A9F-B610-827BEDF0AB44}.Debug|x64.ActiveCfg = Debug|Any CPU
		{24AD6F1B-AB7E-4A9F-B610-827BEDF0AB44}.Debug|x64.Build.0 = Debug|Any CPU
		{24AD6F1B-AB7E-4A9F-B610-827BEDF0AB44}.Debug|x86.ActiveCfg = Debug|Any CPU
		{24AD6F1B-AB7E-4A9F-B610-827BEDF0AB44}.Debug|x86.Build.0 = Debug|Any CPU
		{24AD6F1B-AB7E-4A9F-B610-827BEDF0AB44}.Release|Any CPU.ActiveCfg = Release|Any CPU
		{24AD6F1B-AB7E-4A9F-B610-827BEDF0AB44}.Release|Any CPU.Build.0 = Release|Any CPU
		{24AD6F1B-AB7E-4A9F-B610-827BEDF0AB44}.Release|x64.ActiveCfg = Release|Any CPU
		{24AD6F1B-AB7E-4A9F-B610-827BEDF0AB44}.Release|x64.Build.0 = Release|Any CPU
		{24AD6F1B-AB7E-4A9F-B610-827BEDF0AB44}.Release|x86.ActiveCfg = Release|Any CPU
		{24AD6F1B-AB7E-4A9F-B610-827BEDF0AB44}.Release|x86.Build.0 = Release|Any CPU
		{AF79348F-C4C7-46B1-BF4B-55AE3D7C23E7}.Debug|Any CPU.ActiveCfg = Debug|Any CPU
		{AF79348F-C4C7-46B1-BF4B-55AE3D7C23E7}.Debug|Any CPU.Build.0 = Debug|Any CPU
		{AF79348F-C4C7-46B1-BF4B-55AE3D7C23E7}.Debug|x64.ActiveCfg = Debug|Any CPU
		{AF79348F-C4C7-46B1-BF4B-55AE3D7C23E7}.Debug|x64.Build.0 = Debug|Any CPU
		{AF79348F-C4C7-46B1-BF4B-55AE3D7C23E7}.Debug|x86.ActiveCfg = Debug|Any CPU
		{AF79348F-C4C7-46B1-BF4B-55AE3D7C23E7}.Debug|x86.Build.0 = Debug|Any CPU
		{AF79348F-C4C7-46B1-BF4B-55AE3D7C23E7}.Release|Any CPU.ActiveCfg = Release|Any CPU
		{AF79348F-C4C7-46B1-BF4B-55AE3D7C23E7}.Release|Any CPU.Build.0 = Release|Any CPU
		{AF79348F-C4C7-46B1-BF4B-55AE3D7C23E7}.Release|x64.ActiveCfg = Release|Any CPU
		{AF79348F-C4C7-46B1-BF4B-55AE3D7C23E7}.Release|x64.Build.0 = Release|Any CPU
		{AF79348F-C4C7-46B1-BF4B-55AE3D7C23E7}.Release|x86.ActiveCfg = Release|Any CPU
		{AF79348F-C4C7-46B1-BF4B-55AE3D7C23E7}.Release|x86.Build.0 = Release|Any CPU
		{6C797D7E-003F-48AD-8B30-04ECFA4FAA51}.Debug|Any CPU.ActiveCfg = Debug|Any CPU
		{6C797D7E-003F-48AD-8B30-04ECFA4FAA51}.Debug|Any CPU.Build.0 = Debug|Any CPU
		{6C797D7E-003F-48AD-8B30-04ECFA4FAA51}.Debug|x64.ActiveCfg = Debug|Any CPU
		{6C797D7E-003F-48AD-8B30-04ECFA4FAA51}.Debug|x64.Build.0 = Debug|Any CPU
		{6C797D7E-003F-48AD-8B30-04ECFA4FAA51}.Debug|x86.ActiveCfg = Debug|Any CPU
		{6C797D7E-003F-48AD-8B30-04ECFA4FAA51}.Debug|x86.Build.0 = Debug|Any CPU
		{6C797D7E-003F-48AD-8B30-04ECFA4FAA51}.Release|Any CPU.ActiveCfg = Release|Any CPU
		{6C797D7E-003F-48AD-8B30-04ECFA4FAA51}.Release|Any CPU.Build.0 = Release|Any CPU
		{6C797D7E-003F-48AD-8B30-04ECFA4FAA51}.Release|x64.ActiveCfg = Release|Any CPU
		{6C797D7E-003F-48AD-8B30-04ECFA4FAA51}.Release|x64.Build.0 = Release|Any CPU
		{6C797D7E-003F-48AD-8B30-04ECFA4FAA51}.Release|x86.ActiveCfg = Release|Any CPU
		{6C797D7E-003F-48AD-8B30-04ECFA4FAA51}.Release|x86.Build.0 = Release|Any CPU
		{3266B2B5-3E94-4DAC-A5E0-F134EE86C902}.Debug|Any CPU.ActiveCfg = Debug|Any CPU
		{3266B2B5-3E94-4DAC-A5E0-F134EE86C902}.Debug|Any CPU.Build.0 = Debug|Any CPU
		{3266B2B5-3E94-4DAC-A5E0-F134EE86C902}.Debug|x64.ActiveCfg = Debug|Any CPU
		{3266B2B5-3E94-4DAC-A5E0-F134EE86C902}.Debug|x64.Build.0 = Debug|Any CPU
		{3266B2B5-3E94-4DAC-A5E0-F134EE86C902}.Debug|x86.ActiveCfg = Debug|Any CPU
		{3266B2B5-3E94-4DAC-A5E0-F134EE86C902}.Debug|x86.Build.0 = Debug|Any CPU
		{3266B2B5-3E94-4DAC-A5E0-F134EE86C902}.Release|Any CPU.ActiveCfg = Release|Any CPU
		{3266B2B5-3E94-4DAC-A5E0-F134EE86C902}.Release|Any CPU.Build.0 = Release|Any CPU
		{3266B2B5-3E94-4DAC-A5E0-F134EE86C902}.Release|x64.ActiveCfg = Release|Any CPU
		{3266B2B5-3E94-4DAC-A5E0-F134EE86C902}.Release|x64.Build.0 = Release|Any CPU
		{3266B2B5-3E94-4DAC-A5E0-F134EE86C902}.Release|x86.ActiveCfg = Release|Any CPU
		{3266B2B5-3E94-4DAC-A5E0-F134EE86C902}.Release|x86.Build.0 = Release|Any CPU
		{2E99F00F-55C1-4BE1-9B14-30C98353A47C}.Debug|Any CPU.ActiveCfg = Debug|Any CPU
		{2E99F00F-55C1-4BE1-9B14-30C98353A47C}.Debug|Any CPU.Build.0 = Debug|Any CPU
		{2E99F00F-55C1-4BE1-9B14-30C98353A47C}.Debug|x64.ActiveCfg = Debug|Any CPU
		{2E99F00F-55C1-4BE1-9B14-30C98353A47C}.Debug|x64.Build.0 = Debug|Any CPU
		{2E99F00F-55C1-4BE1-9B14-30C98353A47C}.Debug|x86.ActiveCfg = Debug|Any CPU
		{2E99F00F-55C1-4BE1-9B14-30C98353A47C}.Debug|x86.Build.0 = Debug|Any CPU
		{2E99F00F-55C1-4BE1-9B14-30C98353A47C}.Release|Any CPU.ActiveCfg = Release|Any CPU
		{2E99F00F-55C1-4BE1-9B14-30C98353A47C}.Release|Any CPU.Build.0 = Release|Any CPU
		{2E99F00F-55C1-4BE1-9B14-30C98353A47C}.Release|x64.ActiveCfg = Release|Any CPU
		{2E99F00F-55C1-4BE1-9B14-30C98353A47C}.Release|x64.Build.0 = Release|Any CPU
		{2E99F00F-55C1-4BE1-9B14-30C98353A47C}.Release|x86.ActiveCfg = Release|Any CPU
		{2E99F00F-55C1-4BE1-9B14-30C98353A47C}.Release|x86.Build.0 = Release|Any CPU
		{0C101E55-0CB0-44B7-AAA7-0FFF415D554C}.Debug|Any CPU.ActiveCfg = Debug|Any CPU
		{0C101E55-0CB0-44B7-AAA7-0FFF415D554C}.Debug|Any CPU.Build.0 = Debug|Any CPU
		{0C101E55-0CB0-44B7-AAA7-0FFF415D554C}.Debug|x64.ActiveCfg = Debug|Any CPU
		{0C101E55-0CB0-44B7-AAA7-0FFF415D554C}.Debug|x64.Build.0 = Debug|Any CPU
		{0C101E55-0CB0-44B7-AAA7-0FFF415D554C}.Debug|x86.ActiveCfg = Debug|Any CPU
		{0C101E55-0CB0-44B7-AAA7-0FFF415D554C}.Debug|x86.Build.0 = Debug|Any CPU
		{0C101E55-0CB0-44B7-AAA7-0FFF415D554C}.Release|Any CPU.ActiveCfg = Release|Any CPU
		{0C101E55-0CB0-44B7-AAA7-0FFF415D554C}.Release|Any CPU.Build.0 = Release|Any CPU
		{0C101E55-0CB0-44B7-AAA7-0FFF415D554C}.Release|x64.ActiveCfg = Release|Any CPU
		{0C101E55-0CB0-44B7-AAA7-0FFF415D554C}.Release|x64.Build.0 = Release|Any CPU
		{0C101E55-0CB0-44B7-AAA7-0FFF415D554C}.Release|x86.ActiveCfg = Release|Any CPU
		{0C101E55-0CB0-44B7-AAA7-0FFF415D554C}.Release|x86.Build.0 = Release|Any CPU
		{F3D78D90-92AB-475C-8483-FBF837D0E685}.Debug|Any CPU.ActiveCfg = Debug|Any CPU
		{F3D78D90-92AB-475C-8483-FBF837D0E685}.Debug|Any CPU.Build.0 = Debug|Any CPU
		{F3D78D90-92AB-475C-8483-FBF837D0E685}.Debug|x64.ActiveCfg = Debug|Any CPU
		{F3D78D90-92AB-475C-8483-FBF837D0E685}.Debug|x64.Build.0 = Debug|Any CPU
		{F3D78D90-92AB-475C-8483-FBF837D0E685}.Debug|x86.ActiveCfg = Debug|Any CPU
		{F3D78D90-92AB-475C-8483-FBF837D0E685}.Debug|x86.Build.0 = Debug|Any CPU
		{F3D78D90-92AB-475C-8483-FBF837D0E685}.Release|Any CPU.ActiveCfg = Release|Any CPU
		{F3D78D90-92AB-475C-8483-FBF837D0E685}.Release|Any CPU.Build.0 = Release|Any CPU
		{F3D78D90-92AB-475C-8483-FBF837D0E685}.Release|x64.ActiveCfg = Release|Any CPU
		{F3D78D90-92AB-475C-8483-FBF837D0E685}.Release|x64.Build.0 = Release|Any CPU
		{F3D78D90-92AB-475C-8483-FBF837D0E685}.Release|x86.ActiveCfg = Release|Any CPU
		{F3D78D90-92AB-475C-8483-FBF837D0E685}.Release|x86.Build.0 = Release|Any CPU
		{E5F492B2-D2E1-46A5-A400-1AFA2198CB90}.Debug|Any CPU.ActiveCfg = Debug|Any CPU
		{E5F492B2-D2E1-46A5-A400-1AFA2198CB90}.Debug|Any CPU.Build.0 = Debug|Any CPU
		{E5F492B2-D2E1-46A5-A400-1AFA2198CB90}.Debug|x64.ActiveCfg = Debug|Any CPU
		{E5F492B2-D2E1-46A5-A400-1AFA2198CB90}.Debug|x64.Build.0 = Debug|Any CPU
		{E5F492B2-D2E1-46A5-A400-1AFA2198CB90}.Debug|x86.ActiveCfg = Debug|Any CPU
		{E5F492B2-D2E1-46A5-A400-1AFA2198CB90}.Debug|x86.Build.0 = Debug|Any CPU
		{E5F492B2-D2E1-46A5-A400-1AFA2198CB90}.Release|Any CPU.ActiveCfg = Release|Any CPU
		{E5F492B2-D2E1-46A5-A400-1AFA2198CB90}.Release|Any CPU.Build.0 = Release|Any CPU
		{E5F492B2-D2E1-46A5-A400-1AFA2198CB90}.Release|x64.ActiveCfg = Release|Any CPU
		{E5F492B2-D2E1-46A5-A400-1AFA2198CB90}.Release|x64.Build.0 = Release|Any CPU
		{E5F492B2-D2E1-46A5-A400-1AFA2198CB90}.Release|x86.ActiveCfg = Release|Any CPU
		{E5F492B2-D2E1-46A5-A400-1AFA2198CB90}.Release|x86.Build.0 = Release|Any CPU
		{059E6399-FECD-4BB2-BADD-B146CBCE385B}.Debug|Any CPU.ActiveCfg = Debug|Any CPU
		{059E6399-FECD-4BB2-BADD-B146CBCE385B}.Debug|Any CPU.Build.0 = Debug|Any CPU
		{059E6399-FECD-4BB2-BADD-B146CBCE385B}.Debug|x64.ActiveCfg = Debug|Any CPU
		{059E6399-FECD-4BB2-BADD-B146CBCE385B}.Debug|x64.Build.0 = Debug|Any CPU
		{059E6399-FECD-4BB2-BADD-B146CBCE385B}.Debug|x86.ActiveCfg = Debug|Any CPU
		{059E6399-FECD-4BB2-BADD-B146CBCE385B}.Debug|x86.Build.0 = Debug|Any CPU
		{059E6399-FECD-4BB2-BADD-B146CBCE385B}.Release|Any CPU.ActiveCfg = Release|Any CPU
		{059E6399-FECD-4BB2-BADD-B146CBCE385B}.Release|Any CPU.Build.0 = Release|Any CPU
		{059E6399-FECD-4BB2-BADD-B146CBCE385B}.Release|x64.ActiveCfg = Release|Any CPU
		{059E6399-FECD-4BB2-BADD-B146CBCE385B}.Release|x64.Build.0 = Release|Any CPU
		{059E6399-FECD-4BB2-BADD-B146CBCE385B}.Release|x86.ActiveCfg = Release|Any CPU
		{059E6399-FECD-4BB2-BADD-B146CBCE385B}.Release|x86.Build.0 = Release|Any CPU
		{8842B596-DAFE-4C57-9AAC-AA7897145172}.Debug|Any CPU.ActiveCfg = Debug|Any CPU
		{8842B596-DAFE-4C57-9AAC-AA7897145172}.Debug|Any CPU.Build.0 = Debug|Any CPU
		{8842B596-DAFE-4C57-9AAC-AA7897145172}.Debug|x64.ActiveCfg = Debug|Any CPU
		{8842B596-DAFE-4C57-9AAC-AA7897145172}.Debug|x64.Build.0 = Debug|Any CPU
		{8842B596-DAFE-4C57-9AAC-AA7897145172}.Debug|x86.ActiveCfg = Debug|Any CPU
		{8842B596-DAFE-4C57-9AAC-AA7897145172}.Debug|x86.Build.0 = Debug|Any CPU
		{8842B596-DAFE-4C57-9AAC-AA7897145172}.Release|Any CPU.ActiveCfg = Release|Any CPU
		{8842B596-DAFE-4C57-9AAC-AA7897145172}.Release|Any CPU.Build.0 = Release|Any CPU
		{8842B596-DAFE-4C57-9AAC-AA7897145172}.Release|x64.ActiveCfg = Release|Any CPU
		{8842B596-DAFE-4C57-9AAC-AA7897145172}.Release|x64.Build.0 = Release|Any CPU
		{8842B596-DAFE-4C57-9AAC-AA7897145172}.Release|x86.ActiveCfg = Release|Any CPU
		{8842B596-DAFE-4C57-9AAC-AA7897145172}.Release|x86.Build.0 = Release|Any CPU
		{3B0947D7-2FD3-4E3C-9D4E-1A21CA7D659F}.Debug|Any CPU.ActiveCfg = Debug|Any CPU
		{3B0947D7-2FD3-4E3C-9D4E-1A21CA7D659F}.Debug|Any CPU.Build.0 = Debug|Any CPU
		{3B0947D7-2FD3-4E3C-9D4E-1A21CA7D659F}.Debug|x64.ActiveCfg = Debug|Any CPU
		{3B0947D7-2FD3-4E3C-9D4E-1A21CA7D659F}.Debug|x64.Build.0 = Debug|Any CPU
		{3B0947D7-2FD3-4E3C-9D4E-1A21CA7D659F}.Debug|x86.ActiveCfg = Debug|Any CPU
		{3B0947D7-2FD3-4E3C-9D4E-1A21CA7D659F}.Debug|x86.Build.0 = Debug|Any CPU
		{3B0947D7-2FD3-4E3C-9D4E-1A21CA7D659F}.Release|Any CPU.ActiveCfg = Release|Any CPU
		{3B0947D7-2FD3-4E3C-9D4E-1A21CA7D659F}.Release|Any CPU.Build.0 = Release|Any CPU
		{3B0947D7-2FD3-4E3C-9D4E-1A21CA7D659F}.Release|x64.ActiveCfg = Release|Any CPU
		{3B0947D7-2FD3-4E3C-9D4E-1A21CA7D659F}.Release|x64.Build.0 = Release|Any CPU
		{3B0947D7-2FD3-4E3C-9D4E-1A21CA7D659F}.Release|x86.ActiveCfg = Release|Any CPU
		{3B0947D7-2FD3-4E3C-9D4E-1A21CA7D659F}.Release|x86.Build.0 = Release|Any CPU
		{850352D6-D387-4F9E-903D-A0F269A24568}.Debug|Any CPU.ActiveCfg = Debug|Any CPU
		{850352D6-D387-4F9E-903D-A0F269A24568}.Debug|Any CPU.Build.0 = Debug|Any CPU
		{850352D6-D387-4F9E-903D-A0F269A24568}.Debug|x64.ActiveCfg = Debug|Any CPU
		{850352D6-D387-4F9E-903D-A0F269A24568}.Debug|x64.Build.0 = Debug|Any CPU
		{850352D6-D387-4F9E-903D-A0F269A24568}.Debug|x86.ActiveCfg = Debug|Any CPU
		{850352D6-D387-4F9E-903D-A0F269A24568}.Debug|x86.Build.0 = Debug|Any CPU
		{850352D6-D387-4F9E-903D-A0F269A24568}.Release|Any CPU.ActiveCfg = Release|Any CPU
		{850352D6-D387-4F9E-903D-A0F269A24568}.Release|Any CPU.Build.0 = Release|Any CPU
		{850352D6-D387-4F9E-903D-A0F269A24568}.Release|x64.ActiveCfg = Release|Any CPU
		{850352D6-D387-4F9E-903D-A0F269A24568}.Release|x64.Build.0 = Release|Any CPU
		{850352D6-D387-4F9E-903D-A0F269A24568}.Release|x86.ActiveCfg = Release|Any CPU
		{850352D6-D387-4F9E-903D-A0F269A24568}.Release|x86.Build.0 = Release|Any CPU
		{3D8C46C6-9F87-4510-BE8F-E8BA7A443683}.Debug|Any CPU.ActiveCfg = Debug|Any CPU
		{3D8C46C6-9F87-4510-BE8F-E8BA7A443683}.Debug|Any CPU.Build.0 = Debug|Any CPU
		{3D8C46C6-9F87-4510-BE8F-E8BA7A443683}.Debug|x64.ActiveCfg = Debug|Any CPU
		{3D8C46C6-9F87-4510-BE8F-E8BA7A443683}.Debug|x64.Build.0 = Debug|Any CPU
		{3D8C46C6-9F87-4510-BE8F-E8BA7A443683}.Debug|x86.ActiveCfg = Debug|Any CPU
		{3D8C46C6-9F87-4510-BE8F-E8BA7A443683}.Debug|x86.Build.0 = Debug|Any CPU
		{3D8C46C6-9F87-4510-BE8F-E8BA7A443683}.Release|Any CPU.ActiveCfg = Release|Any CPU
		{3D8C46C6-9F87-4510-BE8F-E8BA7A443683}.Release|Any CPU.Build.0 = Release|Any CPU
		{3D8C46C6-9F87-4510-BE8F-E8BA7A443683}.Release|x64.ActiveCfg = Release|Any CPU
		{3D8C46C6-9F87-4510-BE8F-E8BA7A443683}.Release|x64.Build.0 = Release|Any CPU
		{3D8C46C6-9F87-4510-BE8F-E8BA7A443683}.Release|x86.ActiveCfg = Release|Any CPU
		{3D8C46C6-9F87-4510-BE8F-E8BA7A443683}.Release|x86.Build.0 = Release|Any CPU
		{BDC9EFB7-2C5A-4D3D-8896-29BCA04CD53C}.Debug|Any CPU.ActiveCfg = Debug|Any CPU
		{BDC9EFB7-2C5A-4D3D-8896-29BCA04CD53C}.Debug|Any CPU.Build.0 = Debug|Any CPU
		{BDC9EFB7-2C5A-4D3D-8896-29BCA04CD53C}.Debug|x64.ActiveCfg = Debug|Any CPU
		{BDC9EFB7-2C5A-4D3D-8896-29BCA04CD53C}.Debug|x64.Build.0 = Debug|Any CPU
		{BDC9EFB7-2C5A-4D3D-8896-29BCA04CD53C}.Debug|x86.ActiveCfg = Debug|Any CPU
		{BDC9EFB7-2C5A-4D3D-8896-29BCA04CD53C}.Debug|x86.Build.0 = Debug|Any CPU
		{BDC9EFB7-2C5A-4D3D-8896-29BCA04CD53C}.Release|Any CPU.ActiveCfg = Release|Any CPU
		{BDC9EFB7-2C5A-4D3D-8896-29BCA04CD53C}.Release|Any CPU.Build.0 = Release|Any CPU
		{BDC9EFB7-2C5A-4D3D-8896-29BCA04CD53C}.Release|x64.ActiveCfg = Release|Any CPU
		{BDC9EFB7-2C5A-4D3D-8896-29BCA04CD53C}.Release|x64.Build.0 = Release|Any CPU
		{BDC9EFB7-2C5A-4D3D-8896-29BCA04CD53C}.Release|x86.ActiveCfg = Release|Any CPU
		{BDC9EFB7-2C5A-4D3D-8896-29BCA04CD53C}.Release|x86.Build.0 = Release|Any CPU
		{D13D9C61-4892-4078-BB08-59A0B653E770}.Debug|Any CPU.ActiveCfg = Debug|Any CPU
		{D13D9C61-4892-4078-BB08-59A0B653E770}.Debug|Any CPU.Build.0 = Debug|Any CPU
		{D13D9C61-4892-4078-BB08-59A0B653E770}.Debug|x64.ActiveCfg = Debug|Any CPU
		{D13D9C61-4892-4078-BB08-59A0B653E770}.Debug|x64.Build.0 = Debug|Any CPU
		{D13D9C61-4892-4078-BB08-59A0B653E770}.Debug|x86.ActiveCfg = Debug|Any CPU
		{D13D9C61-4892-4078-BB08-59A0B653E770}.Debug|x86.Build.0 = Debug|Any CPU
		{D13D9C61-4892-4078-BB08-59A0B653E770}.Release|Any CPU.ActiveCfg = Release|Any CPU
		{D13D9C61-4892-4078-BB08-59A0B653E770}.Release|Any CPU.Build.0 = Release|Any CPU
		{D13D9C61-4892-4078-BB08-59A0B653E770}.Release|x64.ActiveCfg = Release|Any CPU
		{D13D9C61-4892-4078-BB08-59A0B653E770}.Release|x64.Build.0 = Release|Any CPU
		{D13D9C61-4892-4078-BB08-59A0B653E770}.Release|x86.ActiveCfg = Release|Any CPU
		{D13D9C61-4892-4078-BB08-59A0B653E770}.Release|x86.Build.0 = Release|Any CPU
		{95220A08-500D-41F0-8953-82FA15F9D38B}.Debug|Any CPU.ActiveCfg = Debug|Any CPU
		{95220A08-500D-41F0-8953-82FA15F9D38B}.Debug|Any CPU.Build.0 = Debug|Any CPU
		{95220A08-500D-41F0-8953-82FA15F9D38B}.Debug|x64.ActiveCfg = Debug|Any CPU
		{95220A08-500D-41F0-8953-82FA15F9D38B}.Debug|x64.Build.0 = Debug|Any CPU
		{95220A08-500D-41F0-8953-82FA15F9D38B}.Debug|x86.ActiveCfg = Debug|Any CPU
		{95220A08-500D-41F0-8953-82FA15F9D38B}.Debug|x86.Build.0 = Debug|Any CPU
		{95220A08-500D-41F0-8953-82FA15F9D38B}.Release|Any CPU.ActiveCfg = Release|Any CPU
		{95220A08-500D-41F0-8953-82FA15F9D38B}.Release|Any CPU.Build.0 = Release|Any CPU
		{95220A08-500D-41F0-8953-82FA15F9D38B}.Release|x64.ActiveCfg = Release|Any CPU
		{95220A08-500D-41F0-8953-82FA15F9D38B}.Release|x64.Build.0 = Release|Any CPU
		{95220A08-500D-41F0-8953-82FA15F9D38B}.Release|x86.ActiveCfg = Release|Any CPU
		{95220A08-500D-41F0-8953-82FA15F9D38B}.Release|x86.Build.0 = Release|Any CPU
	EndGlobalSection
	GlobalSection(NestedProjects) = preSolution
		{B2BE01CC-24E9-4370-B1B8-5F7FF6833DE2} = {79C5B4C4-8BF5-48B4-A03B-4BFF9ED9CA4B}
		{D18084BC-0705-4A05-87B9-69B89ED99504} = {B2BE01CC-24E9-4370-B1B8-5F7FF6833DE2}
		{447B9CE7-7877-43B0-890C-E732F8D45FC2} = {79C5B4C4-8BF5-48B4-A03B-4BFF9ED9CA4B}
		{90CE80D1-91B6-46BE-8D25-44A2B18EE534} = {447B9CE7-7877-43B0-890C-E732F8D45FC2}
		{275FC1A9-D04D-4F78-BD5E-8EEF9714D93A} = {447B9CE7-7877-43B0-890C-E732F8D45FC2}
		{49D3B42C-12FB-424A-89AE-10148DFB35CC} = {79C5B4C4-8BF5-48B4-A03B-4BFF9ED9CA4B}
		{3E2A50FF-DBC1-4C5D-B12B-57654480C226} = {49D3B42C-12FB-424A-89AE-10148DFB35CC}
		{EB954D1E-3EDC-4E5C-B352-5EFDD9980A1E} = {49D3B42C-12FB-424A-89AE-10148DFB35CC}
		{91F266D9-A940-4BD8-BE7A-240852EC8F35} = {49D3B42C-12FB-424A-89AE-10148DFB35CC}
		{CE14CF8F-D54A-493A-90C4-A445C7FC1076} = {49D3B42C-12FB-424A-89AE-10148DFB35CC}
		{34BF2EA8-9A34-44A8-B1ED-938CB414160E} = {49D3B42C-12FB-424A-89AE-10148DFB35CC}
		{92DDB607-4A9F-41B2-83A8-4CEEE19D5CC4} = {FE96739B-3D10-4431-945B-F31E8C4C3307}
		{4D0D36C7-BE97-4FE9-BF11-AE3B981A955F} = {92DDB607-4A9F-41B2-83A8-4CEEE19D5CC4}
		{B16F8A37-C003-40B7-97C9-75D8609BE1DE} = {92DDB607-4A9F-41B2-83A8-4CEEE19D5CC4}
		{21177D36-4936-42B6-AB93-24B26A28BF1E} = {92DDB607-4A9F-41B2-83A8-4CEEE19D5CC4}
		{A969ADA0-6628-42E6-80FE-9369C3006776} = {FE96739B-3D10-4431-945B-F31E8C4C3307}
		{DF60F782-BCC0-4775-B243-1A8B16BBEBD1} = {A969ADA0-6628-42E6-80FE-9369C3006776}
		{24AD6F1B-AB7E-4A9F-B610-827BEDF0AB44} = {DF60F782-BCC0-4775-B243-1A8B16BBEBD1}
		{AF79348F-C4C7-46B1-BF4B-55AE3D7C23E7} = {DF60F782-BCC0-4775-B243-1A8B16BBEBD1}
		{6C797D7E-003F-48AD-8B30-04ECFA4FAA51} = {DF60F782-BCC0-4775-B243-1A8B16BBEBD1}
		{3266B2B5-3E94-4DAC-A5E0-F134EE86C902} = {FE96739B-3D10-4431-945B-F31E8C4C3307}
		{2E99F00F-55C1-4BE1-9B14-30C98353A47C} = {FE96739B-3D10-4431-945B-F31E8C4C3307}
		{C2FD46E9-C75A-462A-9E81-37ABE1357374} = {5583D38A-5F41-4A9D-A7EC-FECC48E18827}
		{0C101E55-0CB0-44B7-AAA7-0FFF415D554C} = {C2FD46E9-C75A-462A-9E81-37ABE1357374}
		{F3D78D90-92AB-475C-8483-FBF837D0E685} = {C2FD46E9-C75A-462A-9E81-37ABE1357374}
		{E5F492B2-D2E1-46A5-A400-1AFA2198CB90} = {5583D38A-5F41-4A9D-A7EC-FECC48E18827}
		{059E6399-FECD-4BB2-BADD-B146CBCE385B} = {5583D38A-5F41-4A9D-A7EC-FECC48E18827}
		{8842B596-DAFE-4C57-9AAC-AA7897145172} = {5583D38A-5F41-4A9D-A7EC-FECC48E18827}
		{3B0947D7-2FD3-4E3C-9D4E-1A21CA7D659F} = {5583D38A-5F41-4A9D-A7EC-FECC48E18827}
		{850352D6-D387-4F9E-903D-A0F269A24568} = {5583D38A-5F41-4A9D-A7EC-FECC48E18827}
		{3D8C46C6-9F87-4510-BE8F-E8BA7A443683} = {5583D38A-5F41-4A9D-A7EC-FECC48E18827}
		{BDC9EFB7-2C5A-4D3D-8896-29BCA04CD53C} = {5583D38A-5F41-4A9D-A7EC-FECC48E18827}
		{D13D9C61-4892-4078-BB08-59A0B653E770} = {5583D38A-5F41-4A9D-A7EC-FECC48E18827}
		{95220A08-500D-41F0-8953-82FA15F9D38B} = {5583D38A-5F41-4A9D-A7EC-FECC48E18827}
	EndGlobalSection
EndGlobal
